<?xml version="1.0" encoding="utf-8"?>
<Project ToolsVersion="4.0" xmlns="http://schemas.microsoft.com/developer/msbuild/2003">
  <ItemGroup>
    <Filter Include="API">
      <UniqueIdentifier>{6eb2a66d-5af9-413d-837c-c4b156ea33f2}</UniqueIdentifier>
    </Filter>
    <Filter Include="assembler">
      <UniqueIdentifier>{50c610f1-ea90-4428-be6e-f3e83f483792}</UniqueIdentifier>
    </Filter>
    <Filter Include="bindings">
      <UniqueIdentifier>{0f184aab-9716-49d1-939e-0c010afc91e0}</UniqueIdentifier>
    </Filter>
    <Filter Include="builtins">
      <UniqueIdentifier>{0a100d18-4b55-49ef-a87f-deca31060402}</UniqueIdentifier>
    </Filter>
    <Filter Include="bytecode">
      <UniqueIdentifier>{5785f5c9-f225-48fe-bffa-c76949cfc2fd}</UniqueIdentifier>
    </Filter>
    <Filter Include="bytecompiler">
      <UniqueIdentifier>{d0345a48-e7d3-4603-b826-c510a6172038}</UniqueIdentifier>
    </Filter>
    <Filter Include="debugger">
      <UniqueIdentifier>{207c84a9-46a5-471f-97f5-a891eb9bd611}</UniqueIdentifier>
    </Filter>
    <Filter Include="dfg">
      <UniqueIdentifier>{d46f6292-efb3-43ff-99e6-5ce65b6da588}</UniqueIdentifier>
    </Filter>
    <Filter Include="disassembler">
      <UniqueIdentifier>{eeaf6609-36e6-466a-ae19-382c9a8bf383}</UniqueIdentifier>
    </Filter>
    <Filter Include="heap">
      <UniqueIdentifier>{fa9f8889-217a-453b-a9be-0f31719b6e4c}</UniqueIdentifier>
    </Filter>
    <Filter Include="inspector">
      <UniqueIdentifier>{aad865fd-ac2b-4e13-9f6f-51e1f0f38858}</UniqueIdentifier>
    </Filter>
    <Filter Include="inspector\agents">
      <UniqueIdentifier>{9ca326ff-f712-4c73-aecc-425b72914a0d}</UniqueIdentifier>
    </Filter>
    <Filter Include="interpreter">
      <UniqueIdentifier>{ab7cc118-27f5-4b7f-b4ae-d3ec62cb8de5}</UniqueIdentifier>
    </Filter>
    <Filter Include="jit">
      <UniqueIdentifier>{cee29bcc-448e-4ad3-be9e-5469c830d084}</UniqueIdentifier>
    </Filter>
    <Filter Include="llint">
      <UniqueIdentifier>{1a39e7ea-17e2-43b2-ad0b-e5411076f1a0}</UniqueIdentifier>
    </Filter>
    <Filter Include="profiler">
      <UniqueIdentifier>{ba3e9380-5c0e-4ccf-806b-fac987a4a164}</UniqueIdentifier>
    </Filter>
    <Filter Include="parser">
      <UniqueIdentifier>{6165f71c-2fd6-4df7-87a3-40b4b705d5aa}</UniqueIdentifier>
    </Filter>
    <Filter Include="yarr">
      <UniqueIdentifier>{b77213db-3286-42ff-8c0a-34a4b27a402f}</UniqueIdentifier>
    </Filter>
    <Filter Include="runtime">
      <UniqueIdentifier>{2a63127c-2eb5-4a1e-8737-553ad84c4cf7}</UniqueIdentifier>
    </Filter>
    <Filter Include="tools">
      <UniqueIdentifier>{f7758f98-8c2c-4497-bcb2-a112398750f3}</UniqueIdentifier>
    </Filter>
    <Filter Include="_DerivedSources">
      <UniqueIdentifier>{ad609c4f-fb52-405d-80e3-c8651c25d1d7}</UniqueIdentifier>
    </Filter>
    <Filter Include="PORT">
      <UniqueIdentifier>{b01ec3b2-7a1e-46e4-8492-375a2b322bf7}</UniqueIdentifier>
    </Filter>
    <Filter Include="inspector\remote">
      <UniqueIdentifier>{2f7e4e89-b678-4b14-bdf8-0a06b0361172}</UniqueIdentifier>
    </Filter>
  </ItemGroup>
  <ItemGroup>
    <ClCompile Include="..\..\Source\JavaScriptCore\API\JSBase.cpp">
      <Filter>API</Filter>
    </ClCompile>
    <ClCompile Include="..\..\Source\JavaScriptCore\API\JSCallbackConstructor.cpp">
      <Filter>API</Filter>
    </ClCompile>
    <ClCompile Include="..\..\Source\JavaScriptCore\API\JSCallbackFunction.cpp">
      <Filter>API</Filter>
    </ClCompile>
    <ClCompile Include="..\..\Source\JavaScriptCore\API\JSCallbackObject.cpp">
      <Filter>API</Filter>
    </ClCompile>
    <ClCompile Include="..\..\Source\JavaScriptCore\API\JSClassRef.cpp">
      <Filter>API</Filter>
    </ClCompile>
    <ClCompile Include="..\..\Source\JavaScriptCore\API\JSContextRef.cpp">
      <Filter>API</Filter>
    </ClCompile>
    <ClCompile Include="..\..\Source\JavaScriptCore\API\JSCTestRunnerUtils.cpp">
      <Filter>API</Filter>
    </ClCompile>
    <ClCompile Include="..\..\Source\JavaScriptCore\API\JSObjectRef.cpp">
      <Filter>API</Filter>
    </ClCompile>
    <ClCompile Include="..\..\Source\JavaScriptCore\API\JSScriptRef.cpp">
      <Filter>API</Filter>
    </ClCompile>
    <ClCompile Include="..\..\Source\JavaScriptCore\API\JSStringRef.cpp">
      <Filter>API</Filter>
    </ClCompile>
    <ClCompile Include="..\..\Source\JavaScriptCore\API\JSTypedArray.cpp">
      <Filter>API</Filter>
    </ClCompile>
    <ClCompile Include="..\..\Source\JavaScriptCore\API\JSValueRef.cpp">
      <Filter>API</Filter>
    </ClCompile>
    <ClCompile Include="..\..\Source\JavaScriptCore\API\JSWeakObjectMapRefPrivate.cpp">
      <Filter>API</Filter>
    </ClCompile>
    <ClCompile Include="..\..\Source\JavaScriptCore\API\OpaqueJSString.cpp">
      <Filter>API</Filter>
    </ClCompile>
    <ClCompile Include="..\..\Source\JavaScriptCore\assembler\MacroAssemblerCodeRef.cpp">
      <Filter>assembler</Filter>
    </ClCompile>
    <ClCompile Include="..\..\Source\JavaScriptCore\bindings\ScriptFunctionCall.cpp">
      <Filter>bindings</Filter>
    </ClCompile>
    <ClCompile Include="..\..\Source\JavaScriptCore\bindings\ScriptObject.cpp">
      <Filter>bindings</Filter>
    </ClCompile>
    <ClCompile Include="..\..\Source\JavaScriptCore\bindings\ScriptValue.cpp">
      <Filter>bindings</Filter>
    </ClCompile>
    <ClCompile Include="..\..\Source\JavaScriptCore\builtins\BuiltinExecutableCreator.cpp">
      <Filter>builtins</Filter>
    </ClCompile>
    <ClCompile Include="..\..\Source\JavaScriptCore\builtins\BuiltinExecutables.cpp">
      <Filter>builtins</Filter>
    </ClCompile>
    <ClCompile Include="..\..\Source\JavaScriptCore\bytecode\AccessCase.cpp">
      <Filter>bytecode</Filter>
    </ClCompile>
    <ClCompile Include="..\..\Source\JavaScriptCore\bytecode\AdaptiveInferredPropertyValueWatchpointBase.cpp">
      <Filter>bytecode</Filter>
    </ClCompile>
    <ClCompile Include="..\..\Source\JavaScriptCore\bytecode\ArithProfile.cpp">
      <Filter>bytecode</Filter>
    </ClCompile>
    <ClCompile Include="..\..\Source\JavaScriptCore\bytecode\ArrayAllocationProfile.cpp">
      <Filter>bytecode</Filter>
    </ClCompile>
    <ClCompile Include="..\..\Source\JavaScriptCore\bytecode\ArrayProfile.cpp">
      <Filter>bytecode</Filter>
    </ClCompile>
    <ClCompile Include="..\..\Source\JavaScriptCore\bytecode\BytecodeBasicBlock.cpp">
      <Filter>bytecode</Filter>
    </ClCompile>
    <ClCompile Include="..\..\Source\JavaScriptCore\bytecode\BytecodeDumper.cpp">
      <Filter>bytecode</Filter>
    </ClCompile>
    <ClCompile Include="..\..\Source\JavaScriptCore\bytecode\BytecodeGeneratorification.cpp">
      <Filter>bytecode</Filter>
    </ClCompile>
    <ClCompile Include="..\..\Source\JavaScriptCore\bytecode\BytecodeIntrinsicRegistry.cpp">
      <Filter>bytecode</Filter>
    </ClCompile>
    <ClCompile Include="..\..\Source\JavaScriptCore\bytecode\BytecodeLivenessAnalysis.cpp">
      <Filter>bytecode</Filter>
    </ClCompile>
    <ClCompile Include="..\..\Source\JavaScriptCore\bytecode\BytecodeRewriter.cpp">
      <Filter>bytecode</Filter>
    </ClCompile>
    <ClCompile Include="..\..\Source\JavaScriptCore\bytecode\CallEdge.cpp">
      <Filter>bytecode</Filter>
    </ClCompile>
    <ClCompile Include="..\..\Source\JavaScriptCore\bytecode\CallLinkInfo.cpp">
      <Filter>bytecode</Filter>
    </ClCompile>
    <ClCompile Include="..\..\Source\JavaScriptCore\bytecode\CallLinkStatus.cpp">
      <Filter>bytecode</Filter>
    </ClCompile>
    <ClCompile Include="..\..\Source\JavaScriptCore\bytecode\CallMode.cpp">
      <Filter>bytecode</Filter>
    </ClCompile>
    <ClCompile Include="..\..\Source\JavaScriptCore\bytecode\CallVariant.cpp">
      <Filter>bytecode</Filter>
    </ClCompile>
    <ClCompile Include="..\..\Source\JavaScriptCore\bytecode\CodeBlock.cpp">
      <Filter>bytecode</Filter>
    </ClCompile>
    <ClCompile Include="..\..\Source\JavaScriptCore\bytecode\CodeBlockHash.cpp">
      <Filter>bytecode</Filter>
    </ClCompile>
    <ClCompile Include="..\..\Source\JavaScriptCore\bytecode\CodeBlockJettisoningWatchpoint.cpp">
      <Filter>bytecode</Filter>
    </ClCompile>
    <ClCompile Include="..\..\Source\JavaScriptCore\bytecode\CodeOrigin.cpp">
      <Filter>bytecode</Filter>
    </ClCompile>
    <ClCompile Include="..\..\Source\JavaScriptCore\bytecode\CodeType.cpp">
      <Filter>bytecode</Filter>
    </ClCompile>
    <ClCompile Include="..\..\Source\JavaScriptCore\bytecode\ComplexGetStatus.cpp">
      <Filter>bytecode</Filter>
    </ClCompile>
    <ClCompile Include="..\..\Source\JavaScriptCore\bytecode\DataFormat.cpp">
      <Filter>bytecode</Filter>
    </ClCompile>
    <ClCompile Include="..\..\Source\JavaScriptCore\bytecode\DeferredCompilationCallback.cpp">
      <Filter>bytecode</Filter>
    </ClCompile>
    <ClCompile Include="..\..\Source\JavaScriptCore\bytecode\DeferredSourceDump.cpp">
      <Filter>bytecode</Filter>
    </ClCompile>
    <ClCompile Include="..\..\Source\JavaScriptCore\bytecode\DFGExitProfile.cpp">
      <Filter>bytecode</Filter>
    </ClCompile>
    <ClCompile Include="..\..\Source\JavaScriptCore\bytecode\DirectEvalCodeCache.cpp">
      <Filter>bytecode</Filter>
    </ClCompile>
    <ClCompile Include="..\..\Source\JavaScriptCore\bytecode\DOMJITAccessCasePatchpointParams.cpp">
      <Filter>bytecode</Filter>
    </ClCompile>
    <ClCompile Include="..\..\Source\JavaScriptCore\bytecode\EvalCodeBlock.cpp">
      <Filter>bytecode</Filter>
    </ClCompile>
    <ClCompile Include="..\..\Source\JavaScriptCore\bytecode\ExecutionCounter.cpp">
      <Filter>bytecode</Filter>
    </ClCompile>
    <ClCompile Include="..\..\Source\JavaScriptCore\bytecode\ExitingJITType.cpp">
      <Filter>bytecode</Filter>
    </ClCompile>
    <ClCompile Include="..\..\Source\JavaScriptCore\bytecode\ExitKind.cpp">
      <Filter>bytecode</Filter>
    </ClCompile>
    <ClCompile Include="..\..\Source\JavaScriptCore\bytecode\FullCodeOrigin.cpp">
      <Filter>bytecode</Filter>
    </ClCompile>
    <ClCompile Include="..\..\Source\JavaScriptCore\bytecode\FunctionCodeBlock.cpp">
      <Filter>bytecode</Filter>
    </ClCompile>
    <ClCompile Include="..\..\Source\JavaScriptCore\bytecode\GetByIdStatus.cpp">
      <Filter>bytecode</Filter>
    </ClCompile>
    <ClCompile Include="..\..\Source\JavaScriptCore\bytecode\GetByIdVariant.cpp">
      <Filter>bytecode</Filter>
    </ClCompile>
    <ClCompile Include="..\..\Source\JavaScriptCore\bytecode\GetterSetterAccessCase.cpp">
      <Filter>bytecode</Filter>
    </ClCompile>
    <ClCompile Include="..\..\Source\JavaScriptCore\bytecode\InlineAccess.cpp">
      <Filter>bytecode</Filter>
    </ClCompile>
    <ClCompile Include="..\..\Source\JavaScriptCore\bytecode\InlineCallFrame.cpp">
      <Filter>bytecode</Filter>
    </ClCompile>
    <ClCompile Include="..\..\Source\JavaScriptCore\bytecode\InlineCallFrameSet.cpp">
      <Filter>bytecode</Filter>
    </ClCompile>
    <ClCompile Include="..\..\Source\JavaScriptCore\bytecode\IntrinsicGetterAccessCase.cpp">
      <Filter>bytecode</Filter>
    </ClCompile>
    <ClCompile Include="..\..\Source\JavaScriptCore\bytecode\JumpTable.cpp">
      <Filter>bytecode</Filter>
    </ClCompile>
    <ClCompile Include="..\..\Source\JavaScriptCore\bytecode\LazyOperandValueProfile.cpp">
      <Filter>bytecode</Filter>
    </ClCompile>
    <ClCompile Include="..\..\Source\JavaScriptCore\bytecode\LLIntPrototypeLoadAdaptiveStructureWatchpoint.cpp">
      <Filter>bytecode</Filter>
    </ClCompile>
    <ClCompile Include="..\..\Source\JavaScriptCore\bytecode\MethodOfGettingAValueProfile.cpp">
      <Filter>bytecode</Filter>
    </ClCompile>
    <ClCompile Include="..\..\Source\JavaScriptCore\bytecode\ModuleNamespaceAccessCase.cpp">
      <Filter>bytecode</Filter>
    </ClCompile>
    <ClCompile Include="..\..\Source\JavaScriptCore\bytecode\ModuleProgramCodeBlock.cpp">
      <Filter>bytecode</Filter>
    </ClCompile>
    <ClCompile Include="..\..\Source\JavaScriptCore\bytecode\ObjectPropertyCondition.cpp">
      <Filter>bytecode</Filter>
    </ClCompile>
    <ClCompile Include="..\..\Source\JavaScriptCore\bytecode\ObjectPropertyConditionSet.cpp">
      <Filter>bytecode</Filter>
    </ClCompile>
    <ClCompile Include="..\..\Source\JavaScriptCore\bytecode\Opcode.cpp">
      <Filter>bytecode</Filter>
    </ClCompile>
    <ClCompile Include="..\..\Source\JavaScriptCore\bytecode\PolymorphicAccess.cpp">
      <Filter>bytecode</Filter>
    </ClCompile>
    <ClCompile Include="..\..\Source\JavaScriptCore\bytecode\PreciseJumpTargets.cpp">
      <Filter>bytecode</Filter>
    </ClCompile>
    <ClCompile Include="..\..\Source\JavaScriptCore\bytecode\ProgramCodeBlock.cpp">
      <Filter>bytecode</Filter>
    </ClCompile>
    <ClCompile Include="..\..\Source\JavaScriptCore\bytecode\PropertyCondition.cpp">
      <Filter>bytecode</Filter>
    </ClCompile>
    <ClCompile Include="..\..\Source\JavaScriptCore\bytecode\ProxyableAccessCase.cpp">
      <Filter>bytecode</Filter>
    </ClCompile>
    <ClCompile Include="..\..\Source\JavaScriptCore\bytecode\PutByIdFlags.cpp">
      <Filter>bytecode</Filter>
    </ClCompile>
    <ClCompile Include="..\..\Source\JavaScriptCore\bytecode\PutByIdStatus.cpp">
      <Filter>bytecode</Filter>
    </ClCompile>
    <ClCompile Include="..\..\Source\JavaScriptCore\bytecode\PutByIdVariant.cpp">
      <Filter>bytecode</Filter>
    </ClCompile>
    <ClCompile Include="..\..\Source\JavaScriptCore\bytecode\ReduceWhitespace.cpp">
      <Filter>bytecode</Filter>
    </ClCompile>
    <ClCompile Include="..\..\Source\JavaScriptCore\bytecode\SpecialPointer.cpp">
      <Filter>bytecode</Filter>
    </ClCompile>
    <ClCompile Include="..\..\Source\JavaScriptCore\bytecode\SpeculatedType.cpp">
      <Filter>bytecode</Filter>
    </ClCompile>
    <ClCompile Include="..\..\Source\JavaScriptCore\bytecode\StructureSet.cpp">
      <Filter>bytecode</Filter>
    </ClCompile>
    <ClCompile Include="..\..\Source\JavaScriptCore\bytecode\StructureStubClearingWatchpoint.cpp">
      <Filter>bytecode</Filter>
    </ClCompile>
    <ClCompile Include="..\..\Source\JavaScriptCore\bytecode\StructureStubInfo.cpp">
      <Filter>bytecode</Filter>
    </ClCompile>
    <ClCompile Include="..\..\Source\JavaScriptCore\bytecode\SuperSampler.cpp">
      <Filter>bytecode</Filter>
    </ClCompile>
    <ClCompile Include="..\..\Source\JavaScriptCore\bytecode\ToThisStatus.cpp">
      <Filter>bytecode</Filter>
    </ClCompile>
    <ClCompile Include="..\..\Source\JavaScriptCore\bytecode\TrackedReferences.cpp">
      <Filter>bytecode</Filter>
    </ClCompile>
    <ClCompile Include="..\..\Source\JavaScriptCore\bytecode\UnlinkedCodeBlock.cpp">
      <Filter>bytecode</Filter>
    </ClCompile>
    <ClCompile Include="..\..\Source\JavaScriptCore\bytecode\UnlinkedEvalCodeBlock.cpp">
      <Filter>bytecode</Filter>
    </ClCompile>
    <ClCompile Include="..\..\Source\JavaScriptCore\bytecode\UnlinkedFunctionCodeBlock.cpp">
      <Filter>bytecode</Filter>
    </ClCompile>
    <ClCompile Include="..\..\Source\JavaScriptCore\bytecode\UnlinkedFunctionExecutable.cpp">
      <Filter>bytecode</Filter>
    </ClCompile>
    <ClCompile Include="..\..\Source\JavaScriptCore\bytecode\UnlinkedInstructionStream.cpp">
      <Filter>bytecode</Filter>
    </ClCompile>
    <ClCompile Include="..\..\Source\JavaScriptCore\bytecode\UnlinkedModuleProgramCodeBlock.cpp">
      <Filter>bytecode</Filter>
    </ClCompile>
    <ClCompile Include="..\..\Source\JavaScriptCore\bytecode\UnlinkedProgramCodeBlock.cpp">
      <Filter>bytecode</Filter>
    </ClCompile>
    <ClCompile Include="..\..\Source\JavaScriptCore\bytecode\ValueRecovery.cpp">
      <Filter>bytecode</Filter>
    </ClCompile>
    <ClCompile Include="..\..\Source\JavaScriptCore\bytecode\VariableWriteFireDetail.cpp">
      <Filter>bytecode</Filter>
    </ClCompile>
    <ClCompile Include="..\..\Source\JavaScriptCore\bytecode\VirtualRegister.cpp">
      <Filter>bytecode</Filter>
    </ClCompile>
    <ClCompile Include="..\..\Source\JavaScriptCore\bytecode\Watchpoint.cpp">
      <Filter>bytecode</Filter>
    </ClCompile>
    <ClCompile Include="..\..\Source\JavaScriptCore\bytecompiler\BytecodeGenerator.cpp">
      <Filter>bytecompiler</Filter>
    </ClCompile>
    <ClCompile Include="..\..\Source\JavaScriptCore\bytecompiler\NodesCodegen.cpp">
      <Filter>bytecompiler</Filter>
    </ClCompile>
    <ClCompile Include="..\..\Source\JavaScriptCore\debugger\Debugger.cpp">
      <Filter>debugger</Filter>
    </ClCompile>
    <ClCompile Include="..\..\Source\JavaScriptCore\debugger\DebuggerCallFrame.cpp">
      <Filter>debugger</Filter>
    </ClCompile>
    <ClCompile Include="..\..\Source\JavaScriptCore\debugger\DebuggerLocation.cpp">
      <Filter>debugger</Filter>
    </ClCompile>
    <ClCompile Include="..\..\Source\JavaScriptCore\debugger\DebuggerParseData.cpp">
      <Filter>debugger</Filter>
    </ClCompile>
    <ClCompile Include="..\..\Source\JavaScriptCore\debugger\DebuggerScope.cpp">
      <Filter>debugger</Filter>
    </ClCompile>
    <ClCompile Include="..\..\Source\JavaScriptCore\dfg\DFGCapabilities.cpp">
      <Filter>dfg</Filter>
    </ClCompile>
    <ClCompile Include="..\..\Source\JavaScriptCore\dfg\DFGCommon.cpp">
      <Filter>dfg</Filter>
    </ClCompile>
    <ClCompile Include="..\..\Source\JavaScriptCore\dfg\DFGCompilationKey.cpp">
      <Filter>dfg</Filter>
    </ClCompile>
    <ClCompile Include="..\..\Source\JavaScriptCore\dfg\DFGCompilationMode.cpp">
      <Filter>dfg</Filter>
    </ClCompile>
    <ClCompile Include="..\..\Source\JavaScriptCore\dfg\DFGDesiredTransitions.cpp">
      <Filter>dfg</Filter>
    </ClCompile>
    <ClCompile Include="..\..\Source\JavaScriptCore\dfg\DFGDesiredWeakReferences.cpp">
      <Filter>dfg</Filter>
    </ClCompile>
    <ClCompile Include="..\..\Source\JavaScriptCore\dfg\DFGDriver.cpp">
      <Filter>dfg</Filter>
    </ClCompile>
    <ClCompile Include="..\..\Source\JavaScriptCore\dfg\DFGOperations.cpp">
      <Filter>dfg</Filter>
    </ClCompile>
    <ClCompile Include="..\..\Source\JavaScriptCore\dfg\DFGOSREntry.cpp">
      <Filter>dfg</Filter>
    </ClCompile>
    <ClCompile Include="..\..\Source\JavaScriptCore\dfg\DFGOSRExitFuzz.cpp">
      <Filter>dfg</Filter>
    </ClCompile>
    <ClCompile Include="..\..\Source\JavaScriptCore\dfg\DFGPlan.cpp">
      <Filter>dfg</Filter>
    </ClCompile>
    <ClCompile Include="..\..\Source\JavaScriptCore\dfg\DFGWorklist.cpp">
      <Filter>dfg</Filter>
    </ClCompile>
    <ClCompile Include="..\..\Source\JavaScriptCore\disassembler\Disassembler.cpp">
      <Filter>disassembler</Filter>
    </ClCompile>
    <ClCompile Include="..\..\Source\JavaScriptCore\heap\AllocatorAttributes.cpp">
      <Filter>heap</Filter>
    </ClCompile>
    <ClCompile Include="..\..\Source\JavaScriptCore\heap\CellContainer.cpp">
      <Filter>heap</Filter>
    </ClCompile>
    <ClCompile Include="..\..\Source\JavaScriptCore\heap\CodeBlockSet.cpp">
      <Filter>heap</Filter>
    </ClCompile>
    <ClCompile Include="..\..\Source\JavaScriptCore\heap\CollectionScope.cpp">
      <Filter>heap</Filter>
    </ClCompile>
    <ClCompile Include="..\..\Source\JavaScriptCore\heap\CollectorPhase.cpp">
      <Filter>heap</Filter>
    </ClCompile>
    <ClCompile Include="..\..\Source\JavaScriptCore\heap\ConservativeRoots.cpp">
      <Filter>heap</Filter>
    </ClCompile>
    <ClCompile Include="..\..\Source\JavaScriptCore\heap\DeferGC.cpp">
      <Filter>heap</Filter>
    </ClCompile>
    <ClCompile Include="..\..\Source\JavaScriptCore\heap\DestructionMode.cpp">
      <Filter>heap</Filter>
    </ClCompile>
    <ClCompile Include="..\..\Source\JavaScriptCore\heap\EdenGCActivityCallback.cpp">
      <Filter>heap</Filter>
    </ClCompile>
    <ClCompile Include="..\..\Source\JavaScriptCore\heap\FreeList.cpp">
      <Filter>heap</Filter>
    </ClCompile>
    <ClCompile Include="..\..\Source\JavaScriptCore\heap\FullGCActivityCallback.cpp">
      <Filter>heap</Filter>
    </ClCompile>
    <ClCompile Include="..\..\Source\JavaScriptCore\heap\GCActivityCallback.cpp">
      <Filter>heap</Filter>
    </ClCompile>
    <ClCompile Include="..\..\Source\JavaScriptCore\heap\GCConductor.cpp">
      <Filter>heap</Filter>
    </ClCompile>
    <ClCompile Include="..\..\Source\JavaScriptCore\heap\GCLogging.cpp">
      <Filter>heap</Filter>
    </ClCompile>
    <ClCompile Include="..\..\Source\JavaScriptCore\heap\HandleSet.cpp">
      <Filter>heap</Filter>
    </ClCompile>
    <ClCompile Include="..\..\Source\JavaScriptCore\heap\HandleStack.cpp">
      <Filter>heap</Filter>
    </ClCompile>
    <ClCompile Include="..\..\Source\JavaScriptCore\heap\Heap.cpp">
      <Filter>heap</Filter>
    </ClCompile>
    <ClCompile Include="..\..\Source\JavaScriptCore\heap\HeapCell.cpp">
      <Filter>heap</Filter>
    </ClCompile>
    <ClCompile Include="..\..\Source\JavaScriptCore\heap\HeapHelperPool.cpp">
      <Filter>heap</Filter>
    </ClCompile>
    <ClCompile Include="..\..\Source\JavaScriptCore\heap\HeapProfiler.cpp">
      <Filter>heap</Filter>
    </ClCompile>
    <ClCompile Include="..\..\Source\JavaScriptCore\heap\HeapSnapshot.cpp">
      <Filter>heap</Filter>
    </ClCompile>
    <ClCompile Include="..\..\Source\JavaScriptCore\heap\HeapSnapshotBuilder.cpp">
      <Filter>heap</Filter>
    </ClCompile>
    <ClCompile Include="..\..\Source\JavaScriptCore\heap\IncrementalSweeper.cpp">
      <Filter>heap</Filter>
    </ClCompile>
    <ClCompile Include="..\..\Source\JavaScriptCore\heap\JITStubRoutineSet.cpp">
      <Filter>heap</Filter>
    </ClCompile>
    <ClCompile Include="..\..\Source\JavaScriptCore\heap\LargeAllocation.cpp">
      <Filter>heap</Filter>
    </ClCompile>
    <ClCompile Include="..\..\Source\JavaScriptCore\heap\MachineStackMarker.cpp">
      <Filter>heap</Filter>
    </ClCompile>
    <ClCompile Include="..\..\Source\JavaScriptCore\heap\MarkedAllocator.cpp">
      <Filter>heap</Filter>
    </ClCompile>
    <ClCompile Include="..\..\Source\JavaScriptCore\heap\MarkedBlock.cpp">
      <Filter>heap</Filter>
    </ClCompile>
    <ClCompile Include="..\..\Source\JavaScriptCore\heap\MarkedSpace.cpp">
      <Filter>heap</Filter>
    </ClCompile>
    <ClCompile Include="..\..\Source\JavaScriptCore\heap\MarkingConstraint.cpp">
      <Filter>heap</Filter>
    </ClCompile>
    <ClCompile Include="..\..\Source\JavaScriptCore\heap\MarkingConstraintSet.cpp">
      <Filter>heap</Filter>
    </ClCompile>
    <ClCompile Include="..\..\Source\JavaScriptCore\heap\MarkStack.cpp">
      <Filter>heap</Filter>
    </ClCompile>
    <ClCompile Include="..\..\Source\JavaScriptCore\heap\MutatorScheduler.cpp">
      <Filter>heap</Filter>
    </ClCompile>
    <ClCompile Include="..\..\Source\JavaScriptCore\heap\MutatorState.cpp">
      <Filter>heap</Filter>
    </ClCompile>
    <ClCompile Include="..\..\Source\JavaScriptCore\heap\SlotVisitor.cpp">
      <Filter>heap</Filter>
    </ClCompile>
    <ClCompile Include="..\..\Source\JavaScriptCore\heap\SpaceTimeMutatorScheduler.cpp">
      <Filter>heap</Filter>
    </ClCompile>
    <ClCompile Include="..\..\Source\JavaScriptCore\heap\StochasticSpaceTimeMutatorScheduler.cpp">
      <Filter>heap</Filter>
    </ClCompile>
    <ClCompile Include="..\..\Source\JavaScriptCore\heap\StopIfNecessaryTimer.cpp">
      <Filter>heap</Filter>
    </ClCompile>
    <ClCompile Include="..\..\Source\JavaScriptCore\heap\Subspace.cpp">
      <Filter>heap</Filter>
    </ClCompile>
    <ClCompile Include="..\..\Source\JavaScriptCore\heap\SynchronousStopTheWorldMutatorScheduler.cpp">
      <Filter>heap</Filter>
    </ClCompile>
    <ClCompile Include="..\..\Source\JavaScriptCore\heap\VisitRaceKey.cpp">
      <Filter>heap</Filter>
    </ClCompile>
    <ClCompile Include="..\..\Source\JavaScriptCore\heap\Weak.cpp">
      <Filter>heap</Filter>
    </ClCompile>
    <ClCompile Include="..\..\Source\JavaScriptCore\heap\WeakBlock.cpp">
      <Filter>heap</Filter>
    </ClCompile>
    <ClCompile Include="..\..\Source\JavaScriptCore\heap\WeakHandleOwner.cpp">
      <Filter>heap</Filter>
    </ClCompile>
    <ClCompile Include="..\..\Source\JavaScriptCore\heap\WeakSet.cpp">
      <Filter>heap</Filter>
    </ClCompile>
    <ClCompile Include="..\..\Source\JavaScriptCore\heap\WriteBarrierSupport.cpp">
      <Filter>heap</Filter>
    </ClCompile>
    <ClCompile Include="..\..\Source\JavaScriptCore\inspector\AsyncStackTrace.cpp">
      <Filter>inspector</Filter>
    </ClCompile>
    <ClCompile Include="..\..\Source\JavaScriptCore\inspector\ConsoleMessage.cpp">
      <Filter>inspector</Filter>
    </ClCompile>
    <ClCompile Include="..\..\Source\JavaScriptCore\inspector\ContentSearchUtilities.cpp">
      <Filter>inspector</Filter>
    </ClCompile>
    <ClCompile Include="..\..\Source\JavaScriptCore\inspector\IdentifiersFactory.cpp">
      <Filter>inspector</Filter>
    </ClCompile>
    <ClCompile Include="..\..\Source\JavaScriptCore\inspector\InjectedScript.cpp">
      <Filter>inspector</Filter>
    </ClCompile>
    <ClCompile Include="..\..\Source\JavaScriptCore\inspector\InjectedScriptBase.cpp">
      <Filter>inspector</Filter>
    </ClCompile>
    <ClCompile Include="..\..\Source\JavaScriptCore\inspector\InjectedScriptHost.cpp">
      <Filter>inspector</Filter>
    </ClCompile>
    <ClCompile Include="..\..\Source\JavaScriptCore\inspector\InjectedScriptManager.cpp">
      <Filter>inspector</Filter>
    </ClCompile>
    <ClCompile Include="..\..\Source\JavaScriptCore\inspector\InjectedScriptModule.cpp">
      <Filter>inspector</Filter>
    </ClCompile>
    <ClCompile Include="..\..\Source\JavaScriptCore\inspector\InspectorAgentRegistry.cpp">
      <Filter>inspector</Filter>
    </ClCompile>
    <ClCompile Include="..\..\Source\JavaScriptCore\inspector\InspectorBackendDispatcher.cpp">
      <Filter>inspector</Filter>
    </ClCompile>
    <ClCompile Include="..\..\Source\JavaScriptCore\inspector\InspectorFrontendRouter.cpp">
      <Filter>inspector</Filter>
    </ClCompile>
    <ClCompile Include="..\..\Source\JavaScriptCore\inspector\InspectorValues.cpp">
      <Filter>inspector</Filter>
    </ClCompile>
    <ClCompile Include="..\..\Source\JavaScriptCore\inspector\JavaScriptCallFrame.cpp">
      <Filter>inspector</Filter>
    </ClCompile>
    <ClCompile Include="..\..\Source\JavaScriptCore\inspector\JSGlobalObjectConsoleClient.cpp">
      <Filter>inspector</Filter>
    </ClCompile>
    <ClCompile Include="..\..\Source\JavaScriptCore\inspector\JSGlobalObjectInspectorController.cpp">
      <Filter>inspector</Filter>
    </ClCompile>
    <ClCompile Include="..\..\Source\JavaScriptCore\inspector\JSGlobalObjectScriptDebugServer.cpp">
      <Filter>inspector</Filter>
    </ClCompile>
    <ClCompile Include="..\..\Source\JavaScriptCore\inspector\JSInjectedScriptHost.cpp">
      <Filter>inspector</Filter>
    </ClCompile>
    <ClCompile Include="..\..\Source\JavaScriptCore\inspector\JSInjectedScriptHostPrototype.cpp">
      <Filter>inspector</Filter>
    </ClCompile>
    <ClCompile Include="..\..\Source\JavaScriptCore\inspector\JSJavaScriptCallFrame.cpp">
      <Filter>inspector</Filter>
    </ClCompile>
    <ClCompile Include="..\..\Source\JavaScriptCore\inspector\JSJavaScriptCallFramePrototype.cpp">
      <Filter>inspector</Filter>
    </ClCompile>
    <ClCompile Include="..\..\Source\JavaScriptCore\inspector\PerGlobalObjectWrapperWorld.cpp">
      <Filter>inspector</Filter>
    </ClCompile>
    <ClCompile Include="..\..\Source\JavaScriptCore\inspector\ScriptArguments.cpp">
      <Filter>inspector</Filter>
    </ClCompile>
    <ClCompile Include="..\..\Source\JavaScriptCore\inspector\ScriptCallFrame.cpp">
      <Filter>inspector</Filter>
    </ClCompile>
    <ClCompile Include="..\..\Source\JavaScriptCore\inspector\ScriptCallStack.cpp">
      <Filter>inspector</Filter>
    </ClCompile>
    <ClCompile Include="..\..\Source\JavaScriptCore\inspector\ScriptCallStackFactory.cpp">
      <Filter>inspector</Filter>
    </ClCompile>
    <ClCompile Include="..\..\Source\JavaScriptCore\inspector\ScriptDebugServer.cpp">
      <Filter>inspector</Filter>
    </ClCompile>
    <ClCompile Include="..\..\Source\JavaScriptCore\inspector\agents\InspectorAgent.cpp">
      <Filter>inspector\agents</Filter>
    </ClCompile>
    <ClCompile Include="..\..\Source\JavaScriptCore\inspector\agents\InspectorConsoleAgent.cpp">
      <Filter>inspector\agents</Filter>
    </ClCompile>
    <ClCompile Include="..\..\Source\JavaScriptCore\inspector\agents\InspectorDebuggerAgent.cpp">
      <Filter>inspector\agents</Filter>
    </ClCompile>
    <ClCompile Include="..\..\Source\JavaScriptCore\inspector\agents\InspectorHeapAgent.cpp">
      <Filter>inspector\agents</Filter>
    </ClCompile>
    <ClCompile Include="..\..\Source\JavaScriptCore\inspector\agents\InspectorRuntimeAgent.cpp">
      <Filter>inspector\agents</Filter>
    </ClCompile>
    <ClCompile Include="..\..\Source\JavaScriptCore\inspector\agents\InspectorScriptProfilerAgent.cpp">
      <Filter>inspector\agents</Filter>
    </ClCompile>
    <ClCompile Include="..\..\Source\JavaScriptCore\inspector\agents\JSGlobalObjectConsoleAgent.cpp">
      <Filter>inspector\agents</Filter>
    </ClCompile>
    <ClCompile Include="..\..\Source\JavaScriptCore\inspector\agents\JSGlobalObjectDebuggerAgent.cpp">
      <Filter>inspector\agents</Filter>
    </ClCompile>
    <ClCompile Include="..\..\Source\JavaScriptCore\inspector\agents\JSGlobalObjectRuntimeAgent.cpp">
      <Filter>inspector\agents</Filter>
    </ClCompile>
    <ClCompile Include="..\..\Source\JavaScriptCore\interpreter\AbstractPC.cpp">
      <Filter>interpreter</Filter>
    </ClCompile>
    <ClCompile Include="..\..\Source\JavaScriptCore\interpreter\CallFrame.cpp">
      <Filter>interpreter</Filter>
    </ClCompile>
    <ClCompile Include="..\..\Source\JavaScriptCore\interpreter\CLoopStack.cpp">
      <Filter>interpreter</Filter>
    </ClCompile>
    <ClCompile Include="..\..\Source\JavaScriptCore\interpreter\Interpreter.cpp">
      <Filter>interpreter</Filter>
    </ClCompile>
    <ClCompile Include="..\..\Source\JavaScriptCore\interpreter\ProtoCallFrame.cpp">
      <Filter>interpreter</Filter>
    </ClCompile>
    <ClCompile Include="..\..\Source\JavaScriptCore\interpreter\ShadowChicken.cpp">
      <Filter>interpreter</Filter>
    </ClCompile>
    <ClCompile Include="..\..\Source\JavaScriptCore\interpreter\StackVisitor.cpp">
      <Filter>interpreter</Filter>
    </ClCompile>
    <ClCompile Include="..\..\Source\JavaScriptCore\jit\ExecutableAllocationFuzz.cpp">
      <Filter>jit</Filter>
    </ClCompile>
    <ClCompile Include="..\..\Source\JavaScriptCore\jit\ICStats.cpp">
      <Filter>jit</Filter>
    </ClCompile>
    <ClCompile Include="..\..\Source\JavaScriptCore\jit\JITCode.cpp">
      <Filter>jit</Filter>
    </ClCompile>
    <ClCompile Include="..\..\Source\JavaScriptCore\jit\JITExceptions.cpp">
      <Filter>jit</Filter>
    </ClCompile>
    <ClCompile Include="..\..\Source\JavaScriptCore\jit\TagRegistersMode.cpp">
      <Filter>jit</Filter>
    </ClCompile>
    <ClCompile Include="..\..\Source\JavaScriptCore\llint\LLIntCLoop.cpp">
      <Filter>llint</Filter>
    </ClCompile>
    <ClCompile Include="..\..\Source\JavaScriptCore\llint\LLIntData.cpp">
      <Filter>llint</Filter>
    </ClCompile>
    <ClCompile Include="..\..\Source\JavaScriptCore\llint\LLIntEntrypoint.cpp">
      <Filter>llint</Filter>
    </ClCompile>
    <ClCompile Include="..\..\Source\JavaScriptCore\llint\LLIntExceptions.cpp">
      <Filter>llint</Filter>
    </ClCompile>
    <ClCompile Include="..\..\Source\JavaScriptCore\llint\LLIntSlowPaths.cpp">
      <Filter>llint</Filter>
    </ClCompile>
    <ClCompile Include="..\..\Source\JavaScriptCore\llint\LLIntThunks.cpp">
      <Filter>llint</Filter>
    </ClCompile>
    <ClCompile Include="..\..\Source\JavaScriptCore\llint\LowLevelInterpreter.cpp">
      <Filter>llint</Filter>
    </ClCompile>
    <ClCompile Include="..\..\Source\JavaScriptCore\tools\CellList.cpp">
      <Filter>tools</Filter>
    </ClCompile>
    <ClCompile Include="..\..\Source\JavaScriptCore\tools\CodeProfile.cpp">
      <Filter>tools</Filter>
    </ClCompile>
    <ClCompile Include="..\..\Source\JavaScriptCore\tools\CodeProfiling.cpp">
      <Filter>tools</Filter>
    </ClCompile>
    <ClCompile Include="..\..\Source\JavaScriptCore\tools\FunctionOverrides.cpp">
      <Filter>tools</Filter>
    </ClCompile>
    <ClCompile Include="..\..\Source\JavaScriptCore\tools\FunctionWhitelist.cpp">
      <Filter>tools</Filter>
    </ClCompile>
    <ClCompile Include="..\..\Source\JavaScriptCore\tools\HeapVerifier.cpp">
      <Filter>tools</Filter>
    </ClCompile>
    <ClCompile Include="..\..\Source\JavaScriptCore\tools\JSDollarVM.cpp">
      <Filter>tools</Filter>
    </ClCompile>
    <ClCompile Include="..\..\Source\JavaScriptCore\tools\JSDollarVMPrototype.cpp">
      <Filter>tools</Filter>
    </ClCompile>
    <ClCompile Include="..\..\Source\JavaScriptCore\tools\SigillCrashAnalyzer.cpp">
      <Filter>tools</Filter>
    </ClCompile>
    <ClCompile Include="..\..\Source\JavaScriptCore\tools\StackTrace.cpp">
      <Filter>tools</Filter>
    </ClCompile>
    <ClCompile Include="..\..\Source\JavaScriptCore\tools\VMInspector.cpp">
      <Filter>tools</Filter>
    </ClCompile>
    <ClCompile Include="..\..\Source\JavaScriptCore\runtime\AbstractModuleRecord.cpp">
      <Filter>runtime</Filter>
    </ClCompile>
    <ClCompile Include="..\..\Source\JavaScriptCore\runtime\ArgList.cpp">
      <Filter>runtime</Filter>
    </ClCompile>
    <ClCompile Include="..\..\Source\JavaScriptCore\runtime\ArrayBuffer.cpp">
      <Filter>runtime</Filter>
    </ClCompile>
    <ClCompile Include="..\..\Source\JavaScriptCore\runtime\ArrayBufferNeuteringWatchpoint.cpp">
      <Filter>runtime</Filter>
    </ClCompile>
    <ClCompile Include="..\..\Source\JavaScriptCore\runtime\ArrayBufferView.cpp">
      <Filter>runtime</Filter>
    </ClCompile>
    <ClCompile Include="..\..\Source\JavaScriptCore\runtime\ArrayConstructor.cpp">
      <Filter>runtime</Filter>
    </ClCompile>
    <ClCompile Include="..\..\Source\JavaScriptCore\runtime\ArrayConventions.cpp">
      <Filter>runtime</Filter>
    </ClCompile>
    <ClCompile Include="..\..\Source\JavaScriptCore\runtime\ArrayIteratorAdaptiveWatchpoint.cpp">
      <Filter>runtime</Filter>
    </ClCompile>
    <ClCompile Include="..\..\Source\JavaScriptCore\runtime\ArrayIteratorPrototype.cpp">
      <Filter>runtime</Filter>
    </ClCompile>
    <ClCompile Include="..\..\Source\JavaScriptCore\runtime\ArrayPrototype.cpp">
      <Filter>runtime</Filter>
    </ClCompile>
    <ClCompile Include="..\..\Source\JavaScriptCore\runtime\AsyncFunctionConstructor.cpp">
      <Filter>runtime</Filter>
    </ClCompile>
    <ClCompile Include="..\..\Source\JavaScriptCore\runtime\AsyncFunctionPrototype.cpp">
      <Filter>runtime</Filter>
    </ClCompile>
    <ClCompile Include="..\..\Source\JavaScriptCore\runtime\AtomicsObject.cpp">
      <Filter>runtime</Filter>
    </ClCompile>
    <ClCompile Include="..\..\Source\JavaScriptCore\runtime\BasicBlockLocation.cpp">
      <Filter>runtime</Filter>
    </ClCompile>
    <ClCompile Include="..\..\Source\JavaScriptCore\runtime\BooleanConstructor.cpp">
      <Filter>runtime</Filter>
    </ClCompile>
    <ClCompile Include="..\..\Source\JavaScriptCore\runtime\BooleanObject.cpp">
      <Filter>runtime</Filter>
    </ClCompile>
    <ClCompile Include="..\..\Source\JavaScriptCore\runtime\BooleanPrototype.cpp">
      <Filter>runtime</Filter>
    </ClCompile>
    <ClCompile Include="..\..\Source\JavaScriptCore\runtime\CallData.cpp">
      <Filter>runtime</Filter>
    </ClCompile>
    <ClCompile Include="..\..\Source\JavaScriptCore\runtime\CatchScope.cpp">
      <Filter>runtime</Filter>
    </ClCompile>
    <ClCompile Include="..\..\Source\JavaScriptCore\runtime\ClonedArguments.cpp">
      <Filter>runtime</Filter>
    </ClCompile>
    <ClCompile Include="..\..\Source\JavaScriptCore\runtime\CodeCache.cpp">
      <Filter>runtime</Filter>
    </ClCompile>
    <ClCompile Include="..\..\Source\JavaScriptCore\runtime\CodeSpecializationKind.cpp">
      <Filter>runtime</Filter>
    </ClCompile>
    <ClCompile Include="..\..\Source\JavaScriptCore\runtime\CommonIdentifiers.cpp">
      <Filter>runtime</Filter>
    </ClCompile>
    <ClCompile Include="..\..\Source\JavaScriptCore\runtime\CommonSlowPaths.cpp">
      <Filter>runtime</Filter>
    </ClCompile>
    <ClCompile Include="..\..\Source\JavaScriptCore\runtime\CommonSlowPathsExceptions.cpp">
      <Filter>runtime</Filter>
    </ClCompile>
    <ClCompile Include="..\..\Source\JavaScriptCore\runtime\CompilationResult.cpp">
      <Filter>runtime</Filter>
    </ClCompile>
    <ClCompile Include="..\..\Source\JavaScriptCore\runtime\Completion.cpp">
      <Filter>runtime</Filter>
    </ClCompile>
    <ClCompile Include="..\..\Source\JavaScriptCore\runtime\ConsoleClient.cpp">
      <Filter>runtime</Filter>
    </ClCompile>
    <ClCompile Include="..\..\Source\JavaScriptCore\runtime\ConsoleObject.cpp">
      <Filter>runtime</Filter>
    </ClCompile>
    <ClCompile Include="..\..\Source\JavaScriptCore\runtime\ConstantMode.cpp">
      <Filter>runtime</Filter>
    </ClCompile>
    <ClCompile Include="..\..\Source\JavaScriptCore\runtime\ConstructData.cpp">
      <Filter>runtime</Filter>
    </ClCompile>
    <ClCompile Include="..\..\Source\JavaScriptCore\runtime\ControlFlowProfiler.cpp">
      <Filter>runtime</Filter>
    </ClCompile>
    <ClCompile Include="..\..\Source\JavaScriptCore\runtime\CustomGetterSetter.cpp">
      <Filter>runtime</Filter>
    </ClCompile>
    <ClCompile Include="..\..\Source\JavaScriptCore\runtime\DataView.cpp">
      <Filter>runtime</Filter>
    </ClCompile>
    <ClCompile Include="..\..\Source\JavaScriptCore\runtime\DateConstructor.cpp">
      <Filter>runtime</Filter>
    </ClCompile>
    <ClCompile Include="..\..\Source\JavaScriptCore\runtime\DateConversion.cpp">
      <Filter>runtime</Filter>
    </ClCompile>
    <ClCompile Include="..\..\Source\JavaScriptCore\runtime\DateInstance.cpp">
      <Filter>runtime</Filter>
    </ClCompile>
    <ClCompile Include="..\..\Source\JavaScriptCore\runtime\DatePrototype.cpp">
      <Filter>runtime</Filter>
    </ClCompile>
    <ClCompile Include="..\..\Source\JavaScriptCore\runtime\DirectArguments.cpp">
      <Filter>runtime</Filter>
    </ClCompile>
    <ClCompile Include="..\..\Source\JavaScriptCore\runtime\DirectArgumentsOffset.cpp">
      <Filter>runtime</Filter>
    </ClCompile>
    <ClCompile Include="..\..\Source\JavaScriptCore\runtime\DirectEvalExecutable.cpp">
      <Filter>runtime</Filter>
    </ClCompile>
    <ClCompile Include="..\..\Source\JavaScriptCore\runtime\DumpContext.cpp">
      <Filter>runtime</Filter>
    </ClCompile>
    <ClCompile Include="..\..\Source\JavaScriptCore\runtime\ECMAScriptSpecInternalFunctions.cpp">
      <Filter>runtime</Filter>
    </ClCompile>
    <ClCompile Include="..\..\Source\JavaScriptCore\runtime\Error.cpp">
      <Filter>runtime</Filter>
    </ClCompile>
    <ClCompile Include="..\..\Source\JavaScriptCore\runtime\ErrorConstructor.cpp">
      <Filter>runtime</Filter>
    </ClCompile>
    <ClCompile Include="..\..\Source\JavaScriptCore\runtime\ErrorHandlingScope.cpp">
      <Filter>runtime</Filter>
    </ClCompile>
    <ClCompile Include="..\..\Source\JavaScriptCore\runtime\ErrorInstance.cpp">
      <Filter>runtime</Filter>
    </ClCompile>
    <ClCompile Include="..\..\Source\JavaScriptCore\runtime\ErrorPrototype.cpp">
      <Filter>runtime</Filter>
    </ClCompile>
    <ClCompile Include="..\..\Source\JavaScriptCore\runtime\EvalExecutable.cpp">
      <Filter>runtime</Filter>
    </ClCompile>
    <ClCompile Include="..\..\Source\JavaScriptCore\runtime\Exception.cpp">
      <Filter>runtime</Filter>
    </ClCompile>
    <ClCompile Include="..\..\Source\JavaScriptCore\runtime\ExceptionEventLocation.cpp">
      <Filter>runtime</Filter>
    </ClCompile>
    <ClCompile Include="..\..\Source\JavaScriptCore\runtime\ExceptionFuzz.cpp">
      <Filter>runtime</Filter>
    </ClCompile>
    <ClCompile Include="..\..\Source\JavaScriptCore\runtime\ExceptionHelpers.cpp">
      <Filter>runtime</Filter>
    </ClCompile>
    <ClCompile Include="..\..\Source\JavaScriptCore\runtime\ExceptionScope.cpp">
      <Filter>runtime</Filter>
    </ClCompile>
    <ClCompile Include="..\..\Source\JavaScriptCore\runtime\ExecutableBase.cpp">
      <Filter>runtime</Filter>
    </ClCompile>
    <ClCompile Include="..\..\Source\JavaScriptCore\runtime\FunctionConstructor.cpp">
      <Filter>runtime</Filter>
    </ClCompile>
    <ClCompile Include="..\..\Source\JavaScriptCore\runtime\FunctionExecutable.cpp">
      <Filter>runtime</Filter>
    </ClCompile>
    <ClCompile Include="..\..\Source\JavaScriptCore\runtime\FunctionExecutableDump.cpp">
      <Filter>runtime</Filter>
    </ClCompile>
    <ClCompile Include="..\..\Source\JavaScriptCore\runtime\FunctionHasExecutedCache.cpp">
      <Filter>runtime</Filter>
    </ClCompile>
    <ClCompile Include="..\..\Source\JavaScriptCore\runtime\FunctionPrototype.cpp">
      <Filter>runtime</Filter>
    </ClCompile>
    <ClCompile Include="..\..\Source\JavaScriptCore\runtime\FunctionRareData.cpp">
      <Filter>runtime</Filter>
    </ClCompile>
    <ClCompile Include="..\..\Source\JavaScriptCore\runtime\GeneratorFunctionConstructor.cpp">
      <Filter>runtime</Filter>
    </ClCompile>
    <ClCompile Include="..\..\Source\JavaScriptCore\runtime\GeneratorFunctionPrototype.cpp">
      <Filter>runtime</Filter>
    </ClCompile>
    <ClCompile Include="..\..\Source\JavaScriptCore\runtime\GeneratorPrototype.cpp">
      <Filter>runtime</Filter>
    </ClCompile>
    <ClCompile Include="..\..\Source\JavaScriptCore\runtime\GetterSetter.cpp">
      <Filter>runtime</Filter>
    </ClCompile>
    <ClCompile Include="..\..\Source\JavaScriptCore\runtime\HashMapImpl.cpp">
      <Filter>runtime</Filter>
    </ClCompile>
    <ClCompile Include="..\..\Source\JavaScriptCore\runtime\Identifier.cpp">
      <Filter>runtime</Filter>
    </ClCompile>
    <ClCompile Include="..\..\Source\JavaScriptCore\runtime\IndexingType.cpp">
      <Filter>runtime</Filter>
    </ClCompile>
    <ClCompile Include="..\..\Source\JavaScriptCore\runtime\IndirectEvalExecutable.cpp">
      <Filter>runtime</Filter>
    </ClCompile>
    <ClCompile Include="..\..\Source\JavaScriptCore\runtime\InferredType.cpp">
      <Filter>runtime</Filter>
    </ClCompile>
    <ClCompile Include="..\..\Source\JavaScriptCore\runtime\InferredTypeTable.cpp">
      <Filter>runtime</Filter>
    </ClCompile>
    <ClCompile Include="..\..\Source\JavaScriptCore\runtime\InferredValue.cpp">
      <Filter>runtime</Filter>
    </ClCompile>
    <ClCompile Include="..\..\Source\JavaScriptCore\runtime\InitializeThreading.cpp">
      <Filter>runtime</Filter>
    </ClCompile>
    <ClCompile Include="..\..\Source\JavaScriptCore\runtime\InspectorInstrumentationObject.cpp">
      <Filter>runtime</Filter>
    </ClCompile>
    <ClCompile Include="..\..\Source\JavaScriptCore\runtime\InternalFunction.cpp">
      <Filter>runtime</Filter>
    </ClCompile>
    <ClCompile Include="..\..\Source\JavaScriptCore\runtime\IntlCollator.cpp">
      <Filter>runtime</Filter>
    </ClCompile>
    <ClCompile Include="..\..\Source\JavaScriptCore\runtime\IntlCollatorConstructor.cpp">
      <Filter>runtime</Filter>
    </ClCompile>
    <ClCompile Include="..\..\Source\JavaScriptCore\runtime\IntlCollatorPrototype.cpp">
      <Filter>runtime</Filter>
    </ClCompile>
    <ClCompile Include="..\..\Source\JavaScriptCore\runtime\IntlDateTimeFormat.cpp">
      <Filter>runtime</Filter>
    </ClCompile>
    <ClCompile Include="..\..\Source\JavaScriptCore\runtime\IntlDateTimeFormatConstructor.cpp">
      <Filter>runtime</Filter>
    </ClCompile>
    <ClCompile Include="..\..\Source\JavaScriptCore\runtime\IntlDateTimeFormatPrototype.cpp">
      <Filter>runtime</Filter>
    </ClCompile>
    <ClCompile Include="..\..\Source\JavaScriptCore\runtime\IntlNumberFormat.cpp">
      <Filter>runtime</Filter>
    </ClCompile>
    <ClCompile Include="..\..\Source\JavaScriptCore\runtime\IntlNumberFormatConstructor.cpp">
      <Filter>runtime</Filter>
    </ClCompile>
    <ClCompile Include="..\..\Source\JavaScriptCore\runtime\IntlNumberFormatPrototype.cpp">
      <Filter>runtime</Filter>
    </ClCompile>
    <ClCompile Include="..\..\Source\JavaScriptCore\runtime\IntlObject.cpp">
      <Filter>runtime</Filter>
    </ClCompile>
    <ClCompile Include="..\..\Source\JavaScriptCore\runtime\IteratorOperations.cpp">
      <Filter>runtime</Filter>
    </ClCompile>
    <ClCompile Include="..\..\Source\JavaScriptCore\runtime\IteratorPrototype.cpp">
      <Filter>runtime</Filter>
    </ClCompile>
    <ClCompile Include="..\..\Source\JavaScriptCore\runtime\JSAPIValueWrapper.cpp">
      <Filter>runtime</Filter>
    </ClCompile>
    <ClCompile Include="..\..\Source\JavaScriptCore\runtime\JSArray.cpp">
      <Filter>runtime</Filter>
    </ClCompile>
    <ClCompile Include="..\..\Source\JavaScriptCore\runtime\JSArrayBuffer.cpp">
      <Filter>runtime</Filter>
    </ClCompile>
    <ClCompile Include="..\..\Source\JavaScriptCore\runtime\JSArrayBufferConstructor.cpp">
      <Filter>runtime</Filter>
    </ClCompile>
    <ClCompile Include="..\..\Source\JavaScriptCore\runtime\JSArrayBufferPrototype.cpp">
      <Filter>runtime</Filter>
    </ClCompile>
    <ClCompile Include="..\..\Source\JavaScriptCore\runtime\JSArrayBufferView.cpp">
      <Filter>runtime</Filter>
    </ClCompile>
    <ClCompile Include="..\..\Source\JavaScriptCore\runtime\JSAsyncFunction.cpp">
      <Filter>runtime</Filter>
    </ClCompile>
    <ClCompile Include="..\..\Source\JavaScriptCore\runtime\JSBoundFunction.cpp">
      <Filter>runtime</Filter>
    </ClCompile>
    <ClCompile Include="..\..\Source\JavaScriptCore\runtime\JSCallee.cpp">
      <Filter>runtime</Filter>
    </ClCompile>
    <ClCompile Include="..\..\Source\JavaScriptCore\runtime\JSCell.cpp">
      <Filter>runtime</Filter>
    </ClCompile>
    <ClCompile Include="..\..\Source\JavaScriptCore\runtime\JSCJSValue.cpp">
      <Filter>runtime</Filter>
    </ClCompile>
    <ClCompile Include="..\..\Source\JavaScriptCore\runtime\JSCustomGetterSetterFunction.cpp">
      <Filter>runtime</Filter>
    </ClCompile>
    <ClCompile Include="..\..\Source\JavaScriptCore\runtime\JSDataView.cpp">
      <Filter>runtime</Filter>
    </ClCompile>
    <ClCompile Include="..\..\Source\JavaScriptCore\runtime\JSDataViewPrototype.cpp">
      <Filter>runtime</Filter>
    </ClCompile>
    <ClCompile Include="..\..\Source\JavaScriptCore\runtime\JSDateMath.cpp">
      <Filter>runtime</Filter>
    </ClCompile>
    <ClCompile Include="..\..\Source\JavaScriptCore\runtime\JSDestructibleObjectSubspace.cpp">
      <Filter>runtime</Filter>
    </ClCompile>
    <ClCompile Include="..\..\Source\JavaScriptCore\runtime\JSEnvironmentRecord.cpp">
      <Filter>runtime</Filter>
    </ClCompile>
    <ClCompile Include="..\..\Source\JavaScriptCore\runtime\JSFixedArray.cpp">
      <Filter>runtime</Filter>
    </ClCompile>
    <ClCompile Include="..\..\Source\JavaScriptCore\runtime\JSFunction.cpp">
      <Filter>runtime</Filter>
    </ClCompile>
    <ClCompile Include="..\..\Source\JavaScriptCore\runtime\JSGeneratorFunction.cpp">
      <Filter>runtime</Filter>
    </ClCompile>
    <ClCompile Include="..\..\Source\JavaScriptCore\runtime\JSGlobalLexicalEnvironment.cpp">
      <Filter>runtime</Filter>
    </ClCompile>
    <ClCompile Include="..\..\Source\JavaScriptCore\runtime\JSGlobalObject.cpp">
      <Filter>runtime</Filter>
    </ClCompile>
    <ClCompile Include="..\..\Source\JavaScriptCore\runtime\JSGlobalObjectDebuggable.cpp">
      <Filter>runtime</Filter>
    </ClCompile>
    <ClCompile Include="..\..\Source\JavaScriptCore\runtime\JSGlobalObjectFunctions.cpp">
      <Filter>runtime</Filter>
    </ClCompile>
    <ClCompile Include="..\..\Source\JavaScriptCore\runtime\JSInternalPromise.cpp">
      <Filter>runtime</Filter>
    </ClCompile>
    <ClCompile Include="..\..\Source\JavaScriptCore\runtime\JSInternalPromiseConstructor.cpp">
      <Filter>runtime</Filter>
    </ClCompile>
    <ClCompile Include="..\..\Source\JavaScriptCore\runtime\JSInternalPromiseDeferred.cpp">
      <Filter>runtime</Filter>
    </ClCompile>
    <ClCompile Include="..\..\Source\JavaScriptCore\runtime\JSInternalPromisePrototype.cpp">
      <Filter>runtime</Filter>
    </ClCompile>
    <ClCompile Include="..\..\Source\JavaScriptCore\runtime\JSJob.cpp">
      <Filter>runtime</Filter>
    </ClCompile>
    <ClCompile Include="..\..\Source\JavaScriptCore\runtime\JSLexicalEnvironment.cpp">
      <Filter>runtime</Filter>
    </ClCompile>
    <ClCompile Include="..\..\Source\JavaScriptCore\runtime\JSLock.cpp">
      <Filter>runtime</Filter>
    </ClCompile>
    <ClCompile Include="..\..\Source\JavaScriptCore\runtime\JSMap.cpp">
      <Filter>runtime</Filter>
    </ClCompile>
    <ClCompile Include="..\..\Source\JavaScriptCore\runtime\JSMapIterator.cpp">
      <Filter>runtime</Filter>
    </ClCompile>
    <ClCompile Include="..\..\Source\JavaScriptCore\runtime\JSModuleEnvironment.cpp">
      <Filter>runtime</Filter>
    </ClCompile>
    <ClCompile Include="..\..\Source\JavaScriptCore\runtime\JSModuleLoader.cpp">
      <Filter>runtime</Filter>
    </ClCompile>
    <ClCompile Include="..\..\Source\JavaScriptCore\runtime\JSModuleNamespaceObject.cpp">
      <Filter>runtime</Filter>
    </ClCompile>
    <ClCompile Include="..\..\Source\JavaScriptCore\runtime\JSModuleRecord.cpp">
      <Filter>runtime</Filter>
    </ClCompile>
    <ClCompile Include="..\..\Source\JavaScriptCore\runtime\JSNativeStdFunction.cpp">
      <Filter>runtime</Filter>
    </ClCompile>
    <ClCompile Include="..\..\Source\JavaScriptCore\runtime\JSObject.cpp">
      <Filter>runtime</Filter>
    </ClCompile>
    <ClCompile Include="..\..\Source\JavaScriptCore\runtime\JSONObject.cpp">
      <Filter>runtime</Filter>
    </ClCompile>
    <ClCompile Include="..\..\Source\JavaScriptCore\runtime\JSPromise.cpp">
      <Filter>runtime</Filter>
    </ClCompile>
    <ClCompile Include="..\..\Source\JavaScriptCore\runtime\JSPromiseConstructor.cpp">
      <Filter>runtime</Filter>
    </ClCompile>
    <ClCompile Include="..\..\Source\JavaScriptCore\runtime\JSPromiseDeferred.cpp">
      <Filter>runtime</Filter>
    </ClCompile>
    <ClCompile Include="..\..\Source\JavaScriptCore\runtime\JSPromisePrototype.cpp">
      <Filter>runtime</Filter>
    </ClCompile>
    <ClCompile Include="..\..\Source\JavaScriptCore\runtime\JSPropertyNameEnumerator.cpp">
      <Filter>runtime</Filter>
    </ClCompile>
    <ClCompile Include="..\..\Source\JavaScriptCore\runtime\JSPropertyNameIterator.cpp">
      <Filter>runtime</Filter>
    </ClCompile>
    <ClCompile Include="..\..\Source\JavaScriptCore\runtime\JSProxy.cpp">
      <Filter>runtime</Filter>
    </ClCompile>
    <ClCompile Include="..\..\Source\JavaScriptCore\runtime\JSRunLoopTimer.cpp">
      <Filter>runtime</Filter>
    </ClCompile>
    <ClCompile Include="..\..\Source\JavaScriptCore\runtime\JSScope.cpp">
      <Filter>runtime</Filter>
    </ClCompile>
    <ClCompile Include="..\..\Source\JavaScriptCore\runtime\JSScriptFetcher.cpp">
      <Filter>runtime</Filter>
    </ClCompile>
    <ClCompile Include="..\..\Source\JavaScriptCore\runtime\JSSegmentedVariableObject.cpp">
      <Filter>runtime</Filter>
    </ClCompile>
    <ClCompile Include="..\..\Source\JavaScriptCore\runtime\JSSegmentedVariableObjectSubspace.cpp">
      <Filter>runtime</Filter>
    </ClCompile>
    <ClCompile Include="..\..\Source\JavaScriptCore\runtime\JSSet.cpp">
      <Filter>runtime</Filter>
    </ClCompile>
    <ClCompile Include="..\..\Source\JavaScriptCore\runtime\JSSetIterator.cpp">
      <Filter>runtime</Filter>
    </ClCompile>
    <ClCompile Include="..\..\Source\JavaScriptCore\runtime\JSSourceCode.cpp">
      <Filter>runtime</Filter>
    </ClCompile>
    <ClCompile Include="..\..\Source\JavaScriptCore\runtime\JSString.cpp">
      <Filter>runtime</Filter>
    </ClCompile>
    <ClCompile Include="..\..\Source\JavaScriptCore\runtime\JSStringIterator.cpp">
      <Filter>runtime</Filter>
    </ClCompile>
    <ClCompile Include="..\..\Source\JavaScriptCore\runtime\JSStringJoiner.cpp">
      <Filter>runtime</Filter>
    </ClCompile>
    <ClCompile Include="..\..\Source\JavaScriptCore\runtime\JSStringSubspace.cpp">
      <Filter>runtime</Filter>
    </ClCompile>
    <ClCompile Include="..\..\Source\JavaScriptCore\runtime\JSSymbolTableObject.cpp">
      <Filter>runtime</Filter>
    </ClCompile>
    <ClCompile Include="..\..\Source\JavaScriptCore\runtime\JSTemplateRegistryKey.cpp">
      <Filter>runtime</Filter>
    </ClCompile>
    <ClCompile Include="..\..\Source\JavaScriptCore\runtime\JSTypedArrayConstructors.cpp">
      <Filter>runtime</Filter>
    </ClCompile>
    <ClCompile Include="..\..\Source\JavaScriptCore\runtime\JSTypedArrayPrototypes.cpp">
      <Filter>runtime</Filter>
    </ClCompile>
    <ClCompile Include="..\..\Source\JavaScriptCore\runtime\JSTypedArrays.cpp">
      <Filter>runtime</Filter>
    </ClCompile>
    <ClCompile Include="..\..\Source\JavaScriptCore\runtime\JSTypedArrayViewConstructor.cpp">
      <Filter>runtime</Filter>
    </ClCompile>
    <ClCompile Include="..\..\Source\JavaScriptCore\runtime\JSTypedArrayViewPrototype.cpp">
      <Filter>runtime</Filter>
    </ClCompile>
    <ClCompile Include="..\..\Source\JavaScriptCore\runtime\JSWeakMap.cpp">
      <Filter>runtime</Filter>
    </ClCompile>
    <ClCompile Include="..\..\Source\JavaScriptCore\runtime\JSWeakSet.cpp">
      <Filter>runtime</Filter>
    </ClCompile>
    <ClCompile Include="..\..\Source\JavaScriptCore\runtime\JSWithScope.cpp">
      <Filter>runtime</Filter>
    </ClCompile>
    <ClCompile Include="..\..\Source\JavaScriptCore\runtime\JSWrapperObject.cpp">
      <Filter>runtime</Filter>
    </ClCompile>
    <ClCompile Include="..\..\Source\JavaScriptCore\runtime\LazyClassStructure.cpp">
      <Filter>runtime</Filter>
    </ClCompile>
    <ClCompile Include="..\..\Source\JavaScriptCore\runtime\LiteralParser.cpp">
      <Filter>runtime</Filter>
    </ClCompile>
    <ClCompile Include="..\..\Source\JavaScriptCore\runtime\Lookup.cpp">
      <Filter>runtime</Filter>
    </ClCompile>
    <ClCompile Include="..\..\Source\JavaScriptCore\runtime\MapBase.cpp">
      <Filter>runtime</Filter>
    </ClCompile>
    <ClCompile Include="..\..\Source\JavaScriptCore\runtime\MapConstructor.cpp">
      <Filter>runtime</Filter>
    </ClCompile>
    <ClCompile Include="..\..\Source\JavaScriptCore\runtime\MapIteratorPrototype.cpp">
      <Filter>runtime</Filter>
    </ClCompile>
    <ClCompile Include="..\..\Source\JavaScriptCore\runtime\MapPrototype.cpp">
      <Filter>runtime</Filter>
    </ClCompile>
    <ClCompile Include="..\..\Source\JavaScriptCore\runtime\MatchResult.cpp">
      <Filter>runtime</Filter>
    </ClCompile>
    <ClCompile Include="..\..\Source\JavaScriptCore\runtime\MathCommon.cpp">
      <Filter>runtime</Filter>
    </ClCompile>
    <ClCompile Include="..\..\Source\JavaScriptCore\runtime\MathObject.cpp">
      <Filter>runtime</Filter>
    </ClCompile>
    <ClCompile Include="..\..\Source\JavaScriptCore\runtime\MemoryStatistics.cpp">
      <Filter>runtime</Filter>
    </ClCompile>
    <ClCompile Include="..\..\Source\JavaScriptCore\runtime\ModuleLoaderPrototype.cpp">
      <Filter>runtime</Filter>
    </ClCompile>
    <ClCompile Include="..\..\Source\JavaScriptCore\runtime\ModuleProgramExecutable.cpp">
      <Filter>runtime</Filter>
    </ClCompile>
    <ClCompile Include="..\..\Source\JavaScriptCore\runtime\NativeErrorConstructor.cpp">
      <Filter>runtime</Filter>
    </ClCompile>
    <ClCompile Include="..\..\Source\JavaScriptCore\runtime\NativeErrorPrototype.cpp">
      <Filter>runtime</Filter>
    </ClCompile>
    <ClCompile Include="..\..\Source\JavaScriptCore\runtime\NativeExecutable.cpp">
      <Filter>runtime</Filter>
    </ClCompile>
    <ClCompile Include="..\..\Source\JavaScriptCore\runtime\NativeStdFunctionCell.cpp">
      <Filter>runtime</Filter>
    </ClCompile>
    <ClCompile Include="..\..\Source\JavaScriptCore\runtime\NullGetterFunction.cpp">
      <Filter>runtime</Filter>
    </ClCompile>
    <ClCompile Include="..\..\Source\JavaScriptCore\runtime\NullSetterFunction.cpp">
      <Filter>runtime</Filter>
    </ClCompile>
    <ClCompile Include="..\..\Source\JavaScriptCore\runtime\NumberConstructor.cpp">
      <Filter>runtime</Filter>
    </ClCompile>
    <ClCompile Include="..\..\Source\JavaScriptCore\runtime\NumberObject.cpp">
      <Filter>runtime</Filter>
    </ClCompile>
    <ClCompile Include="..\..\Source\JavaScriptCore\runtime\NumberPrototype.cpp">
      <Filter>runtime</Filter>
    </ClCompile>
    <ClCompile Include="..\..\Source\JavaScriptCore\runtime\ObjectConstructor.cpp">
      <Filter>runtime</Filter>
    </ClCompile>
    <ClCompile Include="..\..\Source\JavaScriptCore\runtime\ObjectPrototype.cpp">
      <Filter>runtime</Filter>
    </ClCompile>
    <ClCompile Include="..\..\Source\JavaScriptCore\runtime\Operations.cpp">
      <Filter>runtime</Filter>
    </ClCompile>
    <ClCompile Include="..\..\Source\JavaScriptCore\runtime\Options.cpp">
      <Filter>runtime</Filter>
    </ClCompile>
    <ClCompile Include="..\..\Source\JavaScriptCore\runtime\ProgramExecutable.cpp">
      <Filter>runtime</Filter>
    </ClCompile>
    <ClCompile Include="..\..\Source\JavaScriptCore\runtime\PromiseDeferredTimer.cpp">
      <Filter>runtime</Filter>
    </ClCompile>
    <ClCompile Include="..\..\Source\JavaScriptCore\runtime\PropertyDescriptor.cpp">
      <Filter>runtime</Filter>
    </ClCompile>
    <ClCompile Include="..\..\Source\JavaScriptCore\runtime\PropertySlot.cpp">
      <Filter>runtime</Filter>
    </ClCompile>
    <ClCompile Include="..\..\Source\JavaScriptCore\runtime\PropertyTable.cpp">
      <Filter>runtime</Filter>
    </ClCompile>
    <ClCompile Include="..\..\Source\JavaScriptCore\runtime\PrototypeMap.cpp">
      <Filter>runtime</Filter>
    </ClCompile>
    <ClCompile Include="..\..\Source\JavaScriptCore\runtime\ProxyConstructor.cpp">
      <Filter>runtime</Filter>
    </ClCompile>
    <ClCompile Include="..\..\Source\JavaScriptCore\runtime\ProxyObject.cpp">
      <Filter>runtime</Filter>
    </ClCompile>
    <ClCompile Include="..\..\Source\JavaScriptCore\runtime\ProxyRevoke.cpp">
      <Filter>runtime</Filter>
    </ClCompile>
    <ClCompile Include="..\..\Source\JavaScriptCore\runtime\ReflectObject.cpp">
      <Filter>runtime</Filter>
    </ClCompile>
    <ClCompile Include="..\..\Source\JavaScriptCore\runtime\RegExp.cpp">
      <Filter>runtime</Filter>
    </ClCompile>
    <ClCompile Include="..\..\Source\JavaScriptCore\runtime\RegExpCache.cpp">
      <Filter>runtime</Filter>
    </ClCompile>
    <ClCompile Include="..\..\Source\JavaScriptCore\runtime\RegExpCachedResult.cpp">
      <Filter>runtime</Filter>
    </ClCompile>
    <ClCompile Include="..\..\Source\JavaScriptCore\runtime\RegExpConstructor.cpp">
      <Filter>runtime</Filter>
    </ClCompile>
    <ClCompile Include="..\..\Source\JavaScriptCore\runtime\RegExpMatchesArray.cpp">
      <Filter>runtime</Filter>
    </ClCompile>
    <ClCompile Include="..\..\Source\JavaScriptCore\runtime\RegExpObject.cpp">
      <Filter>runtime</Filter>
    </ClCompile>
    <ClCompile Include="..\..\Source\JavaScriptCore\runtime\RegExpPrototype.cpp">
      <Filter>runtime</Filter>
    </ClCompile>
    <ClCompile Include="..\..\Source\JavaScriptCore\runtime\RuntimeType.cpp">
      <Filter>runtime</Filter>
    </ClCompile>
    <ClCompile Include="..\..\Source\JavaScriptCore\runtime\SamplingCounter.cpp">
      <Filter>runtime</Filter>
    </ClCompile>
    <ClCompile Include="..\..\Source\JavaScriptCore\runtime\SamplingProfiler.cpp">
      <Filter>runtime</Filter>
    </ClCompile>
    <ClCompile Include="..\..\Source\JavaScriptCore\runtime\ScopedArguments.cpp">
      <Filter>runtime</Filter>
    </ClCompile>
    <ClCompile Include="..\..\Source\JavaScriptCore\runtime\ScopedArgumentsTable.cpp">
      <Filter>runtime</Filter>
    </ClCompile>
    <ClCompile Include="..\..\Source\JavaScriptCore\runtime\ScopeOffset.cpp">
      <Filter>runtime</Filter>
    </ClCompile>
    <ClCompile Include="..\..\Source\JavaScriptCore\runtime\ScriptExecutable.cpp">
      <Filter>runtime</Filter>
    </ClCompile>
    <ClCompile Include="..\..\Source\JavaScriptCore\runtime\SetConstructor.cpp">
      <Filter>runtime</Filter>
    </ClCompile>
    <ClCompile Include="..\..\Source\JavaScriptCore\runtime\SetIteratorPrototype.cpp">
      <Filter>runtime</Filter>
    </ClCompile>
    <ClCompile Include="..\..\Source\JavaScriptCore\runtime\SetPrototype.cpp">
      <Filter>runtime</Filter>
    </ClCompile>
    <ClCompile Include="..\..\Source\JavaScriptCore\runtime\SimpleTypedArrayController.cpp">
      <Filter>runtime</Filter>
    </ClCompile>
    <ClCompile Include="..\..\Source\JavaScriptCore\runtime\SmallStrings.cpp">
      <Filter>runtime</Filter>
    </ClCompile>
    <ClCompile Include="..\..\Source\JavaScriptCore\runtime\SparseArrayValueMap.cpp">
      <Filter>runtime</Filter>
    </ClCompile>
    <ClCompile Include="..\..\Source\JavaScriptCore\runtime\StackFrame.cpp">
      <Filter>runtime</Filter>
    </ClCompile>
    <ClCompile Include="..\..\Source\JavaScriptCore\runtime\StrictEvalActivation.cpp">
      <Filter>runtime</Filter>
    </ClCompile>
    <ClCompile Include="..\..\Source\JavaScriptCore\runtime\StringConstructor.cpp">
      <Filter>runtime</Filter>
    </ClCompile>
    <ClCompile Include="..\..\Source\JavaScriptCore\runtime\StringIteratorPrototype.cpp">
      <Filter>runtime</Filter>
    </ClCompile>
    <ClCompile Include="..\..\Source\JavaScriptCore\runtime\StringObject.cpp">
      <Filter>runtime</Filter>
    </ClCompile>
    <ClCompile Include="..\..\Source\JavaScriptCore\runtime\StringPrototype.cpp">
      <Filter>runtime</Filter>
    </ClCompile>
    <ClCompile Include="..\..\Source\JavaScriptCore\runtime\StringRecursionChecker.cpp">
      <Filter>runtime</Filter>
    </ClCompile>
    <ClCompile Include="..\..\Source\JavaScriptCore\runtime\Structure.cpp">
      <Filter>runtime</Filter>
    </ClCompile>
    <ClCompile Include="..\..\Source\JavaScriptCore\runtime\StructureChain.cpp">
      <Filter>runtime</Filter>
    </ClCompile>
    <ClCompile Include="..\..\Source\JavaScriptCore\runtime\StructureIDTable.cpp">
      <Filter>runtime</Filter>
    </ClCompile>
    <ClCompile Include="..\..\Source\JavaScriptCore\runtime\StructureRareData.cpp">
      <Filter>runtime</Filter>
    </ClCompile>
    <ClCompile Include="..\..\Source\JavaScriptCore\runtime\Symbol.cpp">
      <Filter>runtime</Filter>
    </ClCompile>
    <ClCompile Include="..\..\Source\JavaScriptCore\runtime\SymbolConstructor.cpp">
      <Filter>runtime</Filter>
    </ClCompile>
    <ClCompile Include="..\..\Source\JavaScriptCore\runtime\SymbolObject.cpp">
      <Filter>runtime</Filter>
    </ClCompile>
    <ClCompile Include="..\..\Source\JavaScriptCore\runtime\SymbolPrototype.cpp">
      <Filter>runtime</Filter>
    </ClCompile>
    <ClCompile Include="..\..\Source\JavaScriptCore\runtime\SymbolTable.cpp">
      <Filter>runtime</Filter>
    </ClCompile>
    <ClCompile Include="..\..\Source\JavaScriptCore\runtime\TemplateRegistry.cpp">
      <Filter>runtime</Filter>
    </ClCompile>
    <ClCompile Include="..\..\Source\JavaScriptCore\runtime\TemplateRegistryKey.cpp">
      <Filter>runtime</Filter>
    </ClCompile>
    <ClCompile Include="..\..\Source\JavaScriptCore\runtime\TemplateRegistryKeyTable.cpp">
      <Filter>runtime</Filter>
    </ClCompile>
    <ClCompile Include="..\..\Source\JavaScriptCore\runtime\ThrowScope.cpp">
      <Filter>runtime</Filter>
    </ClCompile>
    <ClCompile Include="..\..\Source\JavaScriptCore\runtime\TypedArrayController.cpp">
      <Filter>runtime</Filter>
    </ClCompile>
    <ClCompile Include="..\..\Source\JavaScriptCore\runtime\TypedArrayType.cpp">
      <Filter>runtime</Filter>
    </ClCompile>
    <ClCompile Include="..\..\Source\JavaScriptCore\runtime\TypeLocationCache.cpp">
      <Filter>runtime</Filter>
    </ClCompile>
    <ClCompile Include="..\..\Source\JavaScriptCore\runtime\TypeofType.cpp">
      <Filter>runtime</Filter>
    </ClCompile>
    <ClCompile Include="..\..\Source\JavaScriptCore\runtime\TypeProfiler.cpp">
      <Filter>runtime</Filter>
    </ClCompile>
    <ClCompile Include="..\..\Source\JavaScriptCore\runtime\TypeProfilerLog.cpp">
      <Filter>runtime</Filter>
    </ClCompile>
    <ClCompile Include="..\..\Source\JavaScriptCore\runtime\TypeSet.cpp">
      <Filter>runtime</Filter>
    </ClCompile>
    <ClCompile Include="..\..\Source\JavaScriptCore\runtime\VarOffset.cpp">
      <Filter>runtime</Filter>
    </ClCompile>
    <ClCompile Include="..\..\Source\JavaScriptCore\runtime\VM.cpp">
      <Filter>runtime</Filter>
    </ClCompile>
    <ClCompile Include="..\..\Source\JavaScriptCore\runtime\VMEntryScope.cpp">
      <Filter>runtime</Filter>
    </ClCompile>
    <ClCompile Include="..\..\Source\JavaScriptCore\runtime\VMTraps.cpp">
      <Filter>runtime</Filter>
    </ClCompile>
    <ClCompile Include="..\..\Source\JavaScriptCore\runtime\Watchdog.cpp">
      <Filter>runtime</Filter>
    </ClCompile>
    <ClCompile Include="..\..\Source\JavaScriptCore\runtime\WeakMapConstructor.cpp">
      <Filter>runtime</Filter>
    </ClCompile>
    <ClCompile Include="..\..\Source\JavaScriptCore\runtime\WeakMapData.cpp">
      <Filter>runtime</Filter>
    </ClCompile>
    <ClCompile Include="..\..\Source\JavaScriptCore\runtime\WeakMapPrototype.cpp">
      <Filter>runtime</Filter>
    </ClCompile>
    <ClCompile Include="..\..\Source\JavaScriptCore\runtime\WeakSetConstructor.cpp">
      <Filter>runtime</Filter>
    </ClCompile>
    <ClCompile Include="..\..\Source\JavaScriptCore\runtime\WeakSetPrototype.cpp">
      <Filter>runtime</Filter>
    </ClCompile>
    <ClCompile Include="..\..\Source\JavaScriptCore\yarr\RegularExpression.cpp">
      <Filter>yarr</Filter>
    </ClCompile>
    <ClCompile Include="..\..\Source\JavaScriptCore\yarr\YarrCanonicalizeUCS2.cpp">
      <Filter>yarr</Filter>
    </ClCompile>
    <ClCompile Include="..\..\Source\JavaScriptCore\yarr\YarrInterpreter.cpp">
      <Filter>yarr</Filter>
    </ClCompile>
    <ClCompile Include="..\..\Source\JavaScriptCore\yarr\YarrJIT.cpp">
      <Filter>yarr</Filter>
    </ClCompile>
    <ClCompile Include="..\..\Source\JavaScriptCore\yarr\YarrPattern.cpp">
      <Filter>yarr</Filter>
    </ClCompile>
    <ClCompile Include="..\..\Source\JavaScriptCore\yarr\YarrSyntaxChecker.cpp">
      <Filter>yarr</Filter>
    </ClCompile>
    <ClCompile Include="..\..\Source\JavaScriptCore\parser\Lexer.cpp">
      <Filter>parser</Filter>
    </ClCompile>
    <ClCompile Include="..\..\Source\JavaScriptCore\parser\ModuleAnalyzer.cpp">
      <Filter>parser</Filter>
    </ClCompile>
    <ClCompile Include="..\..\Source\JavaScriptCore\parser\Nodes.cpp">
      <Filter>parser</Filter>
    </ClCompile>
    <ClCompile Include="..\..\Source\JavaScriptCore\parser\NodesAnalyzeModule.cpp">
      <Filter>parser</Filter>
    </ClCompile>
    <ClCompile Include="..\..\Source\JavaScriptCore\parser\Parser.cpp">
      <Filter>parser</Filter>
    </ClCompile>
    <ClCompile Include="..\..\Source\JavaScriptCore\parser\ParserArena.cpp">
      <Filter>parser</Filter>
    </ClCompile>
    <ClCompile Include="..\..\Source\JavaScriptCore\parser\SourceProvider.cpp">
      <Filter>parser</Filter>
    </ClCompile>
    <ClCompile Include="..\..\Source\JavaScriptCore\parser\SourceProviderCache.cpp">
      <Filter>parser</Filter>
    </ClCompile>
    <ClCompile Include="..\..\Source\JavaScriptCore\parser\UnlinkedSourceCode.cpp">
      <Filter>parser</Filter>
    </ClCompile>
    <ClCompile Include="..\..\Source\JavaScriptCore\parser\VariableEnvironment.cpp">
      <Filter>parser</Filter>
    </ClCompile>
    <ClCompile Include="..\..\Source\JavaScriptCore\profiler\ProfilerBytecode.cpp">
      <Filter>profiler</Filter>
    </ClCompile>
    <ClCompile Include="..\..\Source\JavaScriptCore\profiler\ProfilerBytecodes.cpp">
      <Filter>profiler</Filter>
    </ClCompile>
    <ClCompile Include="..\..\Source\JavaScriptCore\profiler\ProfilerBytecodeSequence.cpp">
      <Filter>profiler</Filter>
    </ClCompile>
    <ClCompile Include="..\..\Source\JavaScriptCore\profiler\ProfilerCompilation.cpp">
      <Filter>profiler</Filter>
    </ClCompile>
    <ClCompile Include="..\..\Source\JavaScriptCore\profiler\ProfilerCompilationKind.cpp">
      <Filter>profiler</Filter>
    </ClCompile>
    <ClCompile Include="..\..\Source\JavaScriptCore\profiler\ProfilerCompiledBytecode.cpp">
      <Filter>profiler</Filter>
    </ClCompile>
    <ClCompile Include="..\..\Source\JavaScriptCore\profiler\ProfilerDatabase.cpp">
      <Filter>profiler</Filter>
    </ClCompile>
    <ClCompile Include="..\..\Source\JavaScriptCore\profiler\ProfilerEvent.cpp">
      <Filter>profiler</Filter>
    </ClCompile>
    <ClCompile Include="..\..\Source\JavaScriptCore\profiler\ProfilerJettisonReason.cpp">
      <Filter>profiler</Filter>
    </ClCompile>
    <ClCompile Include="..\..\Source\JavaScriptCore\profiler\ProfilerOrigin.cpp">
      <Filter>profiler</Filter>
    </ClCompile>
    <ClCompile Include="..\..\Source\JavaScriptCore\profiler\ProfilerOriginStack.cpp">
      <Filter>profiler</Filter>
    </ClCompile>
    <ClCompile Include="..\..\Source\JavaScriptCore\profiler\ProfilerOSRExit.cpp">
      <Filter>profiler</Filter>
    </ClCompile>
    <ClCompile Include="..\..\Source\JavaScriptCore\profiler\ProfilerOSRExitSite.cpp">
      <Filter>profiler</Filter>
    </ClCompile>
    <ClCompile Include="..\..\Source\JavaScriptCore\profiler\ProfilerProfiledBytecodes.cpp">
      <Filter>profiler</Filter>
    </ClCompile>
    <ClCompile Include="..\..\Source\JavaScriptCore\profiler\ProfilerUID.cpp">
      <Filter>profiler</Filter>
    </ClCompile>
    <ClCompile Include="..\..\Source\JavaScriptCore\jsc.cpp" />
    <ClCompile Include="..\..\Source\JavaScriptCore\runtime\TestRunnerUtils.cpp">
      <Filter>runtime</Filter>
    </ClCompile>
    <ClCompile Include="..\..\Source\JavaScriptCore\PORT\EventLoop.cpp">
      <Filter>PORT</Filter>
    </ClCompile>
    <ClCompile Include="..\..\Source\DerivedSources\JavaScriptCore\JSCBuiltins.cpp">
      <Filter>_DerivedSources</Filter>
    </ClCompile>
    <ClCompile Include="..\..\Source\DerivedSources\JavaScriptCore\YarrCanonicalizeUnicode.cpp">
      <Filter>_DerivedSources</Filter>
    </ClCompile>
    <ClCompile Include="..\..\Source\DerivedSources\JavaScriptCore\inspector\InspectorBackendDispatchers.cpp">
      <Filter>_DerivedSources</Filter>
    </ClCompile>
    <ClCompile Include="..\..\Source\DerivedSources\JavaScriptCore\inspector\InspectorFrontendDispatchers.cpp">
      <Filter>_DerivedSources</Filter>
    </ClCompile>
    <ClCompile Include="..\..\Source\DerivedSources\JavaScriptCore\inspector\InspectorProtocolObjects.cpp">
      <Filter>_DerivedSources</Filter>
    </ClCompile>
    <ClCompile Include="..\..\Source\JavaScriptCore\inspector\remote\RemoteAutomationTarget.cpp">
      <Filter>inspector\remote</Filter>
    </ClCompile>
    <ClCompile Include="..\..\Source\JavaScriptCore\inspector\remote\RemoteControllableTarget.cpp">
      <Filter>inspector\remote</Filter>
    </ClCompile>
    <ClCompile Include="..\..\Source\JavaScriptCore\inspector\remote\RemoteInspectionTarget.cpp">
      <Filter>inspector\remote</Filter>
    </ClCompile>
    <ClCompile Include="..\..\Source\JavaScriptCore\inspector\remote\RemoteInspector.cpp">
      <Filter>inspector\remote</Filter>
    </ClCompile>
    <ClCompile Include="..\..\Source\JavaScriptCore\inspector\remote\EmptyRemoteInspector.cpp">
      <Filter>inspector\remote</Filter>
    </ClCompile>
  </ItemGroup>
</Project>