<?xml version="1.0" encoding="utf-8"?>
<Project ToolsVersion="4.0" xmlns="http://schemas.microsoft.com/developer/msbuild/2003">
  <ItemGroup>
    <Filter Include="src">
      <UniqueIdentifier>{872b8081-7bb3-4cc7-8404-44cf72e12fa5}</UniqueIdentifier>
    </Filter>
    <Filter Include="src\dtoa">
      <UniqueIdentifier>{db4d5909-333e-4e6a-969e-5f8b0df2f04a}</UniqueIdentifier>
    </Filter>
    <Filter Include="src\text">
      <UniqueIdentifier>{b0e3e662-7891-4d7e-b18b-8dcb2f366f2e}</UniqueIdentifier>
    </Filter>
    <Filter Include="src\text\icu">
      <UniqueIdentifier>{4111ca80-3dea-4fee-8c65-59fb6689de45}</UniqueIdentifier>
    </Filter>
    <Filter Include="src\threads">
      <UniqueIdentifier>{b68e1ae1-6d45-4431-9713-fdaf18824d20}</UniqueIdentifier>
    </Filter>
    <Filter Include="src\unicode">
      <UniqueIdentifier>{41b38bc6-453c-4450-8d56-3efba1e440c1}</UniqueIdentifier>
    </Filter>
    <Filter Include="src\unicode\icu">
      <UniqueIdentifier>{f13c9443-537e-4ff2-8115-dbe52469e765}</UniqueIdentifier>
    </Filter>
    <Filter Include="src\generic">
      <UniqueIdentifier>{78d6cbc4-18c2-4d94-99d6-24b57f0c6ff7}</UniqueIdentifier>
    </Filter>
    <Filter Include="src\PORT">
      <UniqueIdentifier>{21d082c5-60b2-498f-960f-efdb708b6ce1}</UniqueIdentifier>
    </Filter>
  </ItemGroup>
  <ItemGroup>
    <ClCompile Include="..\..\Source\WTF\wtf\Assertions.cpp">
      <Filter>src</Filter>
    </ClCompile>
    <ClCompile Include="..\..\Source\WTF\wtf\Atomics.cpp">
      <Filter>src</Filter>
    </ClCompile>
    <ClCompile Include="..\..\Source\WTF\wtf\AutomaticThread.cpp">
      <Filter>src</Filter>
    </ClCompile>
    <ClCompile Include="..\..\Source\WTF\wtf\BitVector.cpp">
      <Filter>src</Filter>
    </ClCompile>
    <ClCompile Include="..\..\Source\WTF\wtf\ClockType.cpp">
      <Filter>src</Filter>
    </ClCompile>
    <ClCompile Include="..\..\Source\WTF\wtf\CompilationThread.cpp">
      <Filter>src</Filter>
    </ClCompile>
    <ClCompile Include="..\..\Source\WTF\wtf\CrossThreadCopier.cpp">
      <Filter>src</Filter>
    </ClCompile>
    <ClCompile Include="..\..\Source\WTF\wtf\CryptographicallyRandomNumber.cpp">
      <Filter>src</Filter>
    </ClCompile>
    <ClCompile Include="..\..\Source\WTF\wtf\CryptographicUtilities.cpp">
      <Filter>src</Filter>
    </ClCompile>
    <ClCompile Include="..\..\Source\WTF\wtf\DataLog.cpp">
      <Filter>src</Filter>
    </ClCompile>
    <ClCompile Include="..\..\Source\WTF\wtf\DateMath.cpp">
      <Filter>src</Filter>
    </ClCompile>
    <ClCompile Include="..\..\Source\WTF\wtf\DecimalNumber.cpp">
      <Filter>src</Filter>
    </ClCompile>
    <ClCompile Include="..\..\Source\WTF\wtf\dtoa.cpp">
      <Filter>src</Filter>
    </ClCompile>
    <ClCompile Include="..\..\Source\WTF\wtf\FastBitVector.cpp">
      <Filter>src</Filter>
    </ClCompile>
    <ClCompile Include="..\..\Source\WTF\wtf\FilePrintStream.cpp">
      <Filter>src</Filter>
    </ClCompile>
    <ClCompile Include="..\..\Source\WTF\wtf\FunctionDispatcher.cpp">
      <Filter>src</Filter>
    </ClCompile>
    <ClCompile Include="..\..\Source\WTF\wtf\GlobalVersion.cpp">
      <Filter>src</Filter>
    </ClCompile>
    <ClCompile Include="..\..\Source\WTF\wtf\GregorianDateTime.cpp">
      <Filter>src</Filter>
    </ClCompile>
    <ClCompile Include="..\..\Source\WTF\wtf\HashTable.cpp">
      <Filter>src</Filter>
    </ClCompile>
    <ClCompile Include="..\..\Source\WTF\wtf\Lock.cpp">
      <Filter>src</Filter>
    </ClCompile>
    <ClCompile Include="..\..\Source\WTF\wtf\LockedPrintStream.cpp">
      <Filter>src</Filter>
    </ClCompile>
    <ClCompile Include="..\..\Source\WTF\wtf\MainThread.cpp">
      <Filter>src</Filter>
    </ClCompile>
    <ClCompile Include="..\..\Source\WTF\wtf\MD5.cpp">
      <Filter>src</Filter>
    </ClCompile>
    <ClCompile Include="..\..\Source\WTF\wtf\MediaTime.cpp">
      <Filter>src</Filter>
    </ClCompile>
    <ClCompile Include="..\..\Source\WTF\wtf\MemoryFootprint.cpp">
      <Filter>src</Filter>
    </ClCompile>
    <ClCompile Include="..\..\Source\WTF\wtf\MetaAllocator.cpp">
      <Filter>src</Filter>
    </ClCompile>
    <ClCompile Include="..\..\Source\WTF\wtf\MonotonicTime.cpp">
      <Filter>src</Filter>
    </ClCompile>
    <ClCompile Include="..\..\Source\WTF\wtf\NumberOfCores.cpp">
      <Filter>src</Filter>
    </ClCompile>
    <ClCompile Include="..\..\Source\WTF\wtf\OSRandomSource.cpp">
      <Filter>src</Filter>
    </ClCompile>
    <ClCompile Include="..\..\Source\WTF\wtf\PageBlock.cpp">
      <Filter>src</Filter>
    </ClCompile>
    <ClCompile Include="..\..\Source\WTF\wtf\ParallelHelperPool.cpp">
      <Filter>src</Filter>
    </ClCompile>
    <ClCompile Include="..\..\Source\WTF\wtf\ParallelJobsGeneric.cpp">
      <Filter>src</Filter>
    </ClCompile>
    <ClCompile Include="..\..\Source\WTF\wtf\ParkingLot.cpp">
      <Filter>src</Filter>
    </ClCompile>
    <ClCompile Include="..\..\Source\WTF\wtf\PlatformUserPreferredLanguagesUnix.cpp">
      <Filter>src</Filter>
    </ClCompile>
    <ClCompile Include="..\..\Source\WTF\wtf\PrintStream.cpp">
      <Filter>src</Filter>
    </ClCompile>
    <ClCompile Include="..\..\Source\WTF\wtf\RandomNumber.cpp">
      <Filter>src</Filter>
    </ClCompile>
    <ClCompile Include="..\..\Source\WTF\wtf\RefCountedLeakCounter.cpp">
      <Filter>src</Filter>
    </ClCompile>
    <ClCompile Include="..\..\Source\WTF\wtf\RunLoop.cpp">
      <Filter>src</Filter>
    </ClCompile>
    <ClCompile Include="..\..\Source\WTF\wtf\Seconds.cpp">
      <Filter>src</Filter>
    </ClCompile>
    <ClCompile Include="..\..\Source\WTF\wtf\SHA1.cpp">
      <Filter>src</Filter>
    </ClCompile>
    <ClCompile Include="..\..\Source\WTF\wtf\SixCharacterHash.cpp">
      <Filter>src</Filter>
    </ClCompile>
    <ClCompile Include="..\..\Source\WTF\wtf\SizeLimits.cpp">
      <Filter>src</Filter>
    </ClCompile>
    <ClCompile Include="..\..\Source\WTF\wtf\StackStats.cpp">
      <Filter>src</Filter>
    </ClCompile>
    <ClCompile Include="..\..\Source\WTF\wtf\StringPrintStream.cpp">
      <Filter>src</Filter>
    </ClCompile>
    <ClCompile Include="..\..\Source\WTF\wtf\ThreadHolder.cpp">
      <Filter>src</Filter>
    </ClCompile>
    <ClCompile Include="..\..\Source\WTF\wtf\Threading.cpp">
      <Filter>src</Filter>
    </ClCompile>
    <ClCompile Include="..\..\Source\WTF\wtf\TimeWithDynamicClockType.cpp">
      <Filter>src</Filter>
    </ClCompile>
    <ClCompile Include="..\..\Source\WTF\wtf\WallTime.cpp">
      <Filter>src</Filter>
    </ClCompile>
    <ClCompile Include="..\..\Source\WTF\wtf\WordLock.cpp">
      <Filter>src</Filter>
    </ClCompile>
    <ClCompile Include="..\..\Source\WTF\wtf\WorkQueue.cpp">
      <Filter>src</Filter>
    </ClCompile>
    <ClCompile Include="..\..\Source\WTF\wtf\WTFThreadData.cpp">
      <Filter>src</Filter>
    </ClCompile>
    <ClCompile Include="..\..\Source\WTF\wtf\dtoa\bignum.cc">
      <Filter>src\dtoa</Filter>
    </ClCompile>
    <ClCompile Include="..\..\Source\WTF\wtf\dtoa\bignum-dtoa.cc">
      <Filter>src\dtoa</Filter>
    </ClCompile>
    <ClCompile Include="..\..\Source\WTF\wtf\dtoa\cached-powers.cc">
      <Filter>src\dtoa</Filter>
    </ClCompile>
    <ClCompile Include="..\..\Source\WTF\wtf\dtoa\diy-fp.cc">
      <Filter>src\dtoa</Filter>
    </ClCompile>
    <ClCompile Include="..\..\Source\WTF\wtf\dtoa\double-conversion.cc">
      <Filter>src\dtoa</Filter>
    </ClCompile>
    <ClCompile Include="..\..\Source\WTF\wtf\dtoa\fast-dtoa.cc">
      <Filter>src\dtoa</Filter>
    </ClCompile>
    <ClCompile Include="..\..\Source\WTF\wtf\dtoa\fixed-dtoa.cc">
      <Filter>src\dtoa</Filter>
    </ClCompile>
    <ClCompile Include="..\..\Source\WTF\wtf\dtoa\strtod.cc">
      <Filter>src\dtoa</Filter>
    </ClCompile>
    <ClCompile Include="..\..\Source\WTF\wtf\text\AtomicString.cpp">
      <Filter>src\text</Filter>
    </ClCompile>
    <ClCompile Include="..\..\Source\WTF\wtf\text\AtomicStringImpl.cpp">
      <Filter>src\text</Filter>
    </ClCompile>
    <ClCompile Include="..\..\Source\WTF\wtf\text\AtomicStringTable.cpp">
      <Filter>src\text</Filter>
    </ClCompile>
    <ClCompile Include="..\..\Source\WTF\wtf\text\Base64.cpp">
      <Filter>src\text</Filter>
    </ClCompile>
    <ClCompile Include="..\..\Source\WTF\wtf\text\CString.cpp">
      <Filter>src\text</Filter>
    </ClCompile>
    <ClCompile Include="..\..\Source\WTF\wtf\text\StringBuilder.cpp">
      <Filter>src\text</Filter>
    </ClCompile>
    <ClCompile Include="..\..\Source\WTF\wtf\text\StringImpl.cpp">
      <Filter>src\text</Filter>
    </ClCompile>
    <ClCompile Include="..\..\Source\WTF\wtf\text\StringStatics.cpp">
      <Filter>src\text</Filter>
    </ClCompile>
    <ClCompile Include="..\..\Source\WTF\wtf\text\StringView.cpp">
      <Filter>src\text</Filter>
    </ClCompile>
    <ClCompile Include="..\..\Source\WTF\wtf\text\SymbolImpl.cpp">
      <Filter>src\text</Filter>
    </ClCompile>
    <ClCompile Include="..\..\Source\WTF\wtf\text\SymbolRegistry.cpp">
      <Filter>src\text</Filter>
    </ClCompile>
    <ClCompile Include="..\..\Source\WTF\wtf\text\WTFString.cpp">
      <Filter>src\text</Filter>
    </ClCompile>
    <ClCompile Include="..\..\Source\WTF\wtf\text\icu\UTextProvider.cpp">
      <Filter>src\text\icu</Filter>
    </ClCompile>
    <ClCompile Include="..\..\Source\WTF\wtf\text\icu\UTextProviderLatin1.cpp">
      <Filter>src\text\icu</Filter>
    </ClCompile>
    <ClCompile Include="..\..\Source\WTF\wtf\text\icu\UTextProviderUTF16.cpp">
      <Filter>src\text\icu</Filter>
    </ClCompile>
    <ClCompile Include="..\..\Source\WTF\wtf\unicode\UTF8.cpp">
      <Filter>src\unicode</Filter>
    </ClCompile>
    <ClCompile Include="..\..\Source\WTF\wtf\threads\BinarySemaphore.cpp">
      <Filter>src\threads</Filter>
    </ClCompile>
    <ClCompile Include="..\..\Source\WTF\wtf\CurrentTime.cpp">
      <Filter>src</Filter>
    </ClCompile>
    <ClCompile Include="..\..\Source\WTF\wtf\FastMalloc.cpp">
      <Filter>src</Filter>
    </ClCompile>
    <ClCompile Include="..\..\Source\WTF\wtf\ThreadHolderPthreads.cpp">
      <Filter>src</Filter>
    </ClCompile>
    <ClCompile Include="..\..\Source\WTF\wtf\generic\MainThreadGeneric.cpp">
      <Filter>src\generic</Filter>
    </ClCompile>
    <ClCompile Include="..\..\Source\WTF\wtf\generic\RunLoopGeneric.cpp">
      <Filter>src\generic</Filter>
    </ClCompile>
    <ClCompile Include="..\..\Source\WTF\wtf\generic\WorkQueueGeneric.cpp">
      <Filter>src\generic</Filter>
    </ClCompile>
    <ClCompile Include="..\..\Source\WTF\wtf\text\TextBreakIterator.cpp">
      <Filter>src\text</Filter>
    </ClCompile>
    <ClCompile Include="..\..\Source\WTF\wtf\unicode\icu\CollatorICU.cpp">
      <Filter>src\unicode\icu</Filter>
    </ClCompile>
    <ClCompile Include="..\..\Source\WTF\wtf\ThreadingWin.cpp">
      <Filter>src</Filter>
    </ClCompile>
    <ClCompile Include="..\..\Source\WTF\wtf\PORT\RandomDevice.cpp">
      <Filter>src\PORT</Filter>
    </ClCompile>
    <ClCompile Include="..\..\Source\WTF\wtf\PORT\TextBreakIteratorInternalICU_posix.cpp">
      <Filter>src\PORT</Filter>
    </ClCompile>
    <ClCompile Include="..\..\Source\WTF\wtf\PORT\ThreadingPthreads.cpp">
      <Filter>src\PORT</Filter>
    </ClCompile>
    <ClCompile Include="..\..\Source\WTF\wtf\PORT\gettimeofday.c">
      <Filter>src\PORT</Filter>
    </ClCompile>
    <ClCompile Include="..\..\Source\WTF\wtf\PORT\unistd.c">
      <Filter>src\PORT</Filter>
    </ClCompile>
    <ClCompile Include="..\..\Source\WTF\wtf\PORT\StackBounds_win.cpp">
      <Filter>src\PORT</Filter>
    </ClCompile>
    <ClCompile Include="..\..\Source\WTF\wtf\OSAllocatorWin.cpp">
      <Filter>src</Filter>
    </ClCompile>
    <ClCompile Include="..\..\Source\WTF\wtf\PORT\AlignedMalloc_win.cpp">
      <Filter>src\PORT</Filter>
    </ClCompile>
    <ClCompile Include="..\..\Source\WTF\wtf\PORT\RAMSize.cpp">
      <Filter>src\PORT</Filter>
    </ClCompile>
  </ItemGroup>
</Project>